// !$*UTF8*$!
{
	archiveVersion = 1;
	classes = {
	};
	objectVersion = 46;
	objects = {

/* Begin PBXBuildFile section */
		685DA52613D35BFE00FACBE9 /* PhotoWheel.xcdatamodeld in Sources */ = {isa = PBXBuildFile; fileRef = 685DA52413D35BFE00FACBE9 /* PhotoWheel.xcdatamodeld */; };
		685DA52C13D36E1200FACBE9 /* defaultPhoto.png in Resources */ = {isa = PBXBuildFile; fileRef = 685DA52B13D36E1200FACBE9 /* defaultPhoto.png */; };
		685DA53113D37E2B00FACBE9 /* stack-overlay.png in Resources */ = {isa = PBXBuildFile; fileRef = 685DA53013D37E2B00FACBE9 /* stack-overlay.png */; };
		685DA53313D37E5D00FACBE9 /* PhotoWheelViewCell.xib in Resources */ = {isa = PBXBuildFile; fileRef = 685DA53213D37E5C00FACBE9 /* PhotoWheelViewCell.xib */; };
		685DA53613D459B800FACBE9 /* ClearToolbar.m in Sources */ = {isa = PBXBuildFile; fileRef = 685DA53513D459B600FACBE9 /* ClearToolbar.m */; };
		685DA53C13D4A47300FACBE9 /* GridView.m in Sources */ = {isa = PBXBuildFile; fileRef = 685DA53B13D4A47200FACBE9 /* GridView.m */; };
		685DA53E13D4A6E700FACBE9 /* stack-viewer-shadow.png in Resources */ = {isa = PBXBuildFile; fileRef = 685DA53D13D4A6E700FACBE9 /* stack-viewer-shadow.png */; };
		685DA54113D4A89500FACBE9 /* ImageGridViewCell.m in Sources */ = {isa = PBXBuildFile; fileRef = 685DA54013D4A89400FACBE9 /* ImageGridViewCell.m */; };
		68B804E313B0B2A500EB3B6C /* AboutViewController.m in Sources */ = {isa = PBXBuildFile; fileRef = 68B804E213B0B2A500EB3B6C /* AboutViewController.m */; };
		68B804E713B0B74200EB3B6C /* PhotoBrowserViewController.m in Sources */ = {isa = PBXBuildFile; fileRef = 68B804E613B0B74200EB3B6C /* PhotoBrowserViewController.m */; };
		68B804EE13B0B93000EB3B6C /* CustomPushSegue.m in Sources */ = {isa = PBXBuildFile; fileRef = 68B804ED13B0B93000EB3B6C /* CustomPushSegue.m */; };
		68B804F113B0B9BC00EB3B6C /* UIView+PWCategory.m in Sources */ = {isa = PBXBuildFile; fileRef = 68B804F013B0B9BC00EB3B6C /* UIView+PWCategory.m */; };
		68B804F313B0B9FF00EB3B6C /* QuartzCore.framework in Frameworks */ = {isa = PBXBuildFile; fileRef = 68B804F213B0B9FF00EB3B6C /* QuartzCore.framework */; };
		68B804F613B0BB3D00EB3B6C /* CustomNavigationController.m in Sources */ = {isa = PBXBuildFile; fileRef = 68B804F513B0BB3D00EB3B6C /* CustomNavigationController.m */; };
		68B804F913B0C12600EB3B6C /* MainViewController.m in Sources */ = {isa = PBXBuildFile; fileRef = 68B804F813B0C12600EB3B6C /* MainViewController.m */; };
		68B804FC13B0C15000EB3B6C /* PhotoAlbumViewController.m in Sources */ = {isa = PBXBuildFile; fileRef = 68B804FB13B0C15000EB3B6C /* PhotoAlbumViewController.m */; };
		68D2D62513B0359F000308BB /* background-portrait-grooved.png in Resources */ = {isa = PBXBuildFile; fileRef = 68D2D62413B0359F000308BB /* background-portrait-grooved.png */; };
		68D2D62813B03638000308BB /* stack-bg.png in Resources */ = {isa = PBXBuildFile; fileRef = 68D2D62713B03638000308BB /* stack-bg.png */; };
		68D2D62A13B037EF000308BB /* stack-viewer-bg-portrait.png in Resources */ = {isa = PBXBuildFile; fileRef = 68D2D62913B037EF000308BB /* stack-viewer-bg-portrait.png */; };
		68D2D62D13B03920000308BB /* stack-add-down.png in Resources */ = {isa = PBXBuildFile; fileRef = 68D2D62B13B03920000308BB /* stack-add-down.png */; };
		68D2D62E13B03920000308BB /* stack-add.png in Resources */ = {isa = PBXBuildFile; fileRef = 68D2D62C13B03920000308BB /* stack-add.png */; };
		68D2D63613B03AC4000308BB /* Icon.png in Resources */ = {isa = PBXBuildFile; fileRef = 68D2D62F13B03AC4000308BB /* Icon.png */; };
		68D2D63713B03AC4000308BB /* Icon@2x.png in Resources */ = {isa = PBXBuildFile; fileRef = 68D2D63013B03AC4000308BB /* Icon@2x.png */; };
		68D2D63813B03AC4000308BB /* Icon72x72.png in Resources */ = {isa = PBXBuildFile; fileRef = 68D2D63113B03AC4000308BB /* Icon72x72.png */; };
		68D2D63913B03AC4000308BB /* IconSmall-50x50.png in Resources */ = {isa = PBXBuildFile; fileRef = 68D2D63213B03AC4000308BB /* IconSmall-50x50.png */; };
		68D2D63A13B03AC4000308BB /* IconSmall.png in Resources */ = {isa = PBXBuildFile; fileRef = 68D2D63313B03AC4000308BB /* IconSmall.png */; };
		68D2D63B13B03AC4000308BB /* IconSmall@2x.png in Resources */ = {isa = PBXBuildFile; fileRef = 68D2D63413B03AC4000308BB /* IconSmall@2x.png */; };
		68D2D63C13B03AC4000308BB /* iTunesArtwork in Resources */ = {isa = PBXBuildFile; fileRef = 68D2D63513B03AC4000308BB /* iTunesArtwork */; };
		68DA37E113B02F23003272F9 /* UIKit.framework in Frameworks */ = {isa = PBXBuildFile; fileRef = 68DA37E013B02F23003272F9 /* UIKit.framework */; };
		68DA37E313B02F23003272F9 /* Foundation.framework in Frameworks */ = {isa = PBXBuildFile; fileRef = 68DA37E213B02F23003272F9 /* Foundation.framework */; };
		68DA37E513B02F23003272F9 /* CoreGraphics.framework in Frameworks */ = {isa = PBXBuildFile; fileRef = 68DA37E413B02F23003272F9 /* CoreGraphics.framework */; };
		68DA37E713B02F23003272F9 /* CoreData.framework in Frameworks */ = {isa = PBXBuildFile; fileRef = 68DA37E613B02F23003272F9 /* CoreData.framework */; };
		68DA37ED13B02F23003272F9 /* InfoPlist.strings in Resources */ = {isa = PBXBuildFile; fileRef = 68DA37EB13B02F23003272F9 /* InfoPlist.strings */; };
		68DA37EF13B02F23003272F9 /* main.m in Sources */ = {isa = PBXBuildFile; fileRef = 68DA37EE13B02F23003272F9 /* main.m */; };
		68DA37F313B02F23003272F9 /* PhotoWheelAppDelegate.m in Sources */ = {isa = PBXBuildFile; fileRef = 68DA37F213B02F23003272F9 /* PhotoWheelAppDelegate.m */; };
		68DA380113B030CC003272F9 /* MainStoryboard.storyboard in Resources */ = {isa = PBXBuildFile; fileRef = 68DA380013B030CC003272F9 /* MainStoryboard.storyboard */; };
		68EE13E313D35883009D2CC7 /* PhotoWheelViewCell.m in Sources */ = {isa = PBXBuildFile; fileRef = 68EE13DC13D35883009D2CC7 /* PhotoWheelViewCell.m */; };
		68EE13E413D35883009D2CC7 /* SpinGestureRecognizer.m in Sources */ = {isa = PBXBuildFile; fileRef = 68EE13DE13D35883009D2CC7 /* SpinGestureRecognizer.m */; };
		68EE13E513D35883009D2CC7 /* UIImage+PWCategory.m in Sources */ = {isa = PBXBuildFile; fileRef = 68EE13E013D35883009D2CC7 /* UIImage+PWCategory.m */; };
		68EE13E613D35883009D2CC7 /* WheelView.m in Sources */ = {isa = PBXBuildFile; fileRef = 68EE13E213D35883009D2CC7 /* WheelView.m */; };
		68F3286913D35729006A9CEB /* _Photo.m in Sources */ = {isa = PBXBuildFile; fileRef = 68F3286013D35729006A9CEB /* _Photo.m */; };
		68F3286A13D35729006A9CEB /* _PhotoAlbum.m in Sources */ = {isa = PBXBuildFile; fileRef = 68F3286213D35729006A9CEB /* _PhotoAlbum.m */; };
		68F3286B13D35729006A9CEB /* Photo.m in Sources */ = {isa = PBXBuildFile; fileRef = 68F3286413D35729006A9CEB /* Photo.m */; };
		68F3286C13D35729006A9CEB /* PhotoAlbum.m in Sources */ = {isa = PBXBuildFile; fileRef = 68F3286613D35729006A9CEB /* PhotoAlbum.m */; };
		68FC1E8613D8944D00E9D18E /* buttonNext.png in Resources */ = {isa = PBXBuildFile; fileRef = 68FC1E8413D8944D00E9D18E /* buttonNext.png */; };
		68FC1E8713D8944D00E9D18E /* buttonPrevious.png in Resources */ = {isa = PBXBuildFile; fileRef = 68FC1E8513D8944D00E9D18E /* buttonPrevious.png */; };
/* End PBXBuildFile section */

/* Begin PBXFileReference section */
		685DA52513D35BFE00FACBE9 /* PhotoWheel.xcdatamodel */ = {isa = PBXFileReference; lastKnownFileType = wrapper.xcdatamodel; path = PhotoWheel.xcdatamodel; sourceTree = "<group>"; };
		685DA52B13D36E1200FACBE9 /* defaultPhoto.png */ = {isa = PBXFileReference; lastKnownFileType = image.png; path = defaultPhoto.png; sourceTree = "<group>"; };
		685DA53013D37E2B00FACBE9 /* stack-overlay.png */ = {isa = PBXFileReference; lastKnownFileType = image.png; path = "stack-overlay.png"; sourceTree = "<group>"; };
		685DA53213D37E5C00FACBE9 /* PhotoWheelViewCell.xib */ = {isa = PBXFileReference; fileEncoding = 4; lastKnownFileType = file.xib; path = PhotoWheelViewCell.xib; sourceTree = "<group>"; };
		685DA53413D459B500FACBE9 /* ClearToolbar.h */ = {isa = PBXFileReference; fileEncoding = 4; lastKnownFileType = sourcecode.c.h; path = ClearToolbar.h; sourceTree = "<group>"; };
		685DA53513D459B600FACBE9 /* ClearToolbar.m */ = {isa = PBXFileReference; fileEncoding = 4; lastKnownFileType = sourcecode.c.objc; path = ClearToolbar.m; sourceTree = "<group>"; };
		685DA53A13D4A47000FACBE9 /* GridView.h */ = {isa = PBXFileReference; fileEncoding = 4; lastKnownFileType = sourcecode.c.h; path = GridView.h; sourceTree = "<group>"; };
		685DA53B13D4A47200FACBE9 /* GridView.m */ = {isa = PBXFileReference; fileEncoding = 4; lastKnownFileType = sourcecode.c.objc; path = GridView.m; sourceTree = "<group>"; };
		685DA53D13D4A6E700FACBE9 /* stack-viewer-shadow.png */ = {isa = PBXFileReference; lastKnownFileType = image.png; path = "stack-viewer-shadow.png"; sourceTree = "<group>"; };
		685DA53F13D4A89200FACBE9 /* ImageGridViewCell.h */ = {isa = PBXFileReference; fileEncoding = 4; lastKnownFileType = sourcecode.c.h; path = ImageGridViewCell.h; sourceTree = "<group>"; };
		685DA54013D4A89400FACBE9 /* ImageGridViewCell.m */ = {isa = PBXFileReference; fileEncoding = 4; lastKnownFileType = sourcecode.c.objc; path = ImageGridViewCell.m; sourceTree = "<group>"; };
		68B804E113B0B2A500EB3B6C /* AboutViewController.h */ = {isa = PBXFileReference; fileEncoding = 4; lastKnownFileType = sourcecode.c.h; path = AboutViewController.h; sourceTree = "<group>"; };
		68B804E213B0B2A500EB3B6C /* AboutViewController.m */ = {isa = PBXFileReference; fileEncoding = 4; lastKnownFileType = sourcecode.c.objc; path = AboutViewController.m; sourceTree = "<group>"; };
		68B804E513B0B74200EB3B6C /* PhotoBrowserViewController.h */ = {isa = PBXFileReference; fileEncoding = 4; lastKnownFileType = sourcecode.c.h; path = PhotoBrowserViewController.h; sourceTree = "<group>"; };
		68B804E613B0B74200EB3B6C /* PhotoBrowserViewController.m */ = {isa = PBXFileReference; fileEncoding = 4; lastKnownFileType = sourcecode.c.objc; path = PhotoBrowserViewController.m; sourceTree = "<group>"; };
		68B804EC13B0B93000EB3B6C /* CustomPushSegue.h */ = {isa = PBXFileReference; fileEncoding = 4; lastKnownFileType = sourcecode.c.h; path = CustomPushSegue.h; sourceTree = "<group>"; };
		68B804ED13B0B93000EB3B6C /* CustomPushSegue.m */ = {isa = PBXFileReference; fileEncoding = 4; lastKnownFileType = sourcecode.c.objc; path = CustomPushSegue.m; sourceTree = "<group>"; };
		68B804EF13B0B9BC00EB3B6C /* UIView+PWCategory.h */ = {isa = PBXFileReference; fileEncoding = 4; lastKnownFileType = sourcecode.c.h; path = "UIView+PWCategory.h"; sourceTree = "<group>"; };
		68B804F013B0B9BC00EB3B6C /* UIView+PWCategory.m */ = {isa = PBXFileReference; fileEncoding = 4; lastKnownFileType = sourcecode.c.objc; path = "UIView+PWCategory.m"; sourceTree = "<group>"; };
		68B804F213B0B9FF00EB3B6C /* QuartzCore.framework */ = {isa = PBXFileReference; lastKnownFileType = wrapper.framework; name = QuartzCore.framework; path = System/Library/Frameworks/QuartzCore.framework; sourceTree = SDKROOT; };
		68B804F413B0BB3D00EB3B6C /* CustomNavigationController.h */ = {isa = PBXFileReference; fileEncoding = 4; lastKnownFileType = sourcecode.c.h; path = CustomNavigationController.h; sourceTree = "<group>"; };
		68B804F513B0BB3D00EB3B6C /* CustomNavigationController.m */ = {isa = PBXFileReference; fileEncoding = 4; lastKnownFileType = sourcecode.c.objc; path = CustomNavigationController.m; sourceTree = "<group>"; };
		68B804F713B0C12600EB3B6C /* MainViewController.h */ = {isa = PBXFileReference; fileEncoding = 4; lastKnownFileType = sourcecode.c.h; path = MainViewController.h; sourceTree = "<group>"; };
		68B804F813B0C12600EB3B6C /* MainViewController.m */ = {isa = PBXFileReference; fileEncoding = 4; lastKnownFileType = sourcecode.c.objc; path = MainViewController.m; sourceTree = "<group>"; };
		68B804FA13B0C15000EB3B6C /* PhotoAlbumViewController.h */ = {isa = PBXFileReference; fileEncoding = 4; lastKnownFileType = sourcecode.c.h; path = PhotoAlbumViewController.h; sourceTree = "<group>"; };
		68B804FB13B0C15000EB3B6C /* PhotoAlbumViewController.m */ = {isa = PBXFileReference; fileEncoding = 4; lastKnownFileType = sourcecode.c.objc; path = PhotoAlbumViewController.m; sourceTree = "<group>"; };
		68D2D62413B0359F000308BB /* background-portrait-grooved.png */ = {isa = PBXFileReference; lastKnownFileType = image.png; path = "background-portrait-grooved.png"; sourceTree = "<group>"; };
		68D2D62713B03638000308BB /* stack-bg.png */ = {isa = PBXFileReference; lastKnownFileType = image.png; path = "stack-bg.png"; sourceTree = "<group>"; };
		68D2D62913B037EF000308BB /* stack-viewer-bg-portrait.png */ = {isa = PBXFileReference; lastKnownFileType = image.png; path = "stack-viewer-bg-portrait.png"; sourceTree = "<group>"; };
		68D2D62B13B03920000308BB /* stack-add-down.png */ = {isa = PBXFileReference; lastKnownFileType = image.png; path = "stack-add-down.png"; sourceTree = "<group>"; };
		68D2D62C13B03920000308BB /* stack-add.png */ = {isa = PBXFileReference; lastKnownFileType = image.png; path = "stack-add.png"; sourceTree = "<group>"; };
		68D2D62F13B03AC4000308BB /* Icon.png */ = {isa = PBXFileReference; lastKnownFileType = image.png; path = Icon.png; sourceTree = "<group>"; };
		68D2D63013B03AC4000308BB /* Icon@2x.png */ = {isa = PBXFileReference; lastKnownFileType = image.png; path = "Icon@2x.png"; sourceTree = "<group>"; };
		68D2D63113B03AC4000308BB /* Icon72x72.png */ = {isa = PBXFileReference; lastKnownFileType = image.png; path = Icon72x72.png; sourceTree = "<group>"; };
		68D2D63213B03AC4000308BB /* IconSmall-50x50.png */ = {isa = PBXFileReference; lastKnownFileType = image.png; path = "IconSmall-50x50.png"; sourceTree = "<group>"; };
		68D2D63313B03AC4000308BB /* IconSmall.png */ = {isa = PBXFileReference; lastKnownFileType = image.png; path = IconSmall.png; sourceTree = "<group>"; };
		68D2D63413B03AC4000308BB /* IconSmall@2x.png */ = {isa = PBXFileReference; lastKnownFileType = image.png; path = "IconSmall@2x.png"; sourceTree = "<group>"; };
		68D2D63513B03AC4000308BB /* iTunesArtwork */ = {isa = PBXFileReference; lastKnownFileType = file; path = iTunesArtwork; sourceTree = "<group>"; };
		68DA37DC13B02F23003272F9 /* PhotoWheel.app */ = {isa = PBXFileReference; explicitFileType = wrapper.application; includeInIndex = 0; path = PhotoWheel.app; sourceTree = BUILT_PRODUCTS_DIR; };
		68DA37E013B02F23003272F9 /* UIKit.framework */ = {isa = PBXFileReference; lastKnownFileType = wrapper.framework; name = UIKit.framework; path = System/Library/Frameworks/UIKit.framework; sourceTree = SDKROOT; };
		68DA37E213B02F23003272F9 /* Foundation.framework */ = {isa = PBXFileReference; lastKnownFileType = wrapper.framework; name = Foundation.framework; path = System/Library/Frameworks/Foundation.framework; sourceTree = SDKROOT; };
		68DA37E413B02F23003272F9 /* CoreGraphics.framework */ = {isa = PBXFileReference; lastKnownFileType = wrapper.framework; name = CoreGraphics.framework; path = System/Library/Frameworks/CoreGraphics.framework; sourceTree = SDKROOT; };
		68DA37E613B02F23003272F9 /* CoreData.framework */ = {isa = PBXFileReference; lastKnownFileType = wrapper.framework; name = CoreData.framework; path = System/Library/Frameworks/CoreData.framework; sourceTree = SDKROOT; };
		68DA37EA13B02F23003272F9 /* PhotoWheel-Info.plist */ = {isa = PBXFileReference; lastKnownFileType = text.plist.xml; path = "PhotoWheel-Info.plist"; sourceTree = "<group>"; };
		68DA37EC13B02F23003272F9 /* en */ = {isa = PBXFileReference; lastKnownFileType = text.plist.strings; name = en; path = en.lproj/InfoPlist.strings; sourceTree = "<group>"; };
		68DA37EE13B02F23003272F9 /* main.m */ = {isa = PBXFileReference; lastKnownFileType = sourcecode.c.objc; path = main.m; sourceTree = "<group>"; };
		68DA37F013B02F23003272F9 /* PhotoWheel-Prefix.pch */ = {isa = PBXFileReference; lastKnownFileType = sourcecode.c.h; path = "PhotoWheel-Prefix.pch"; sourceTree = "<group>"; };
		68DA37F113B02F23003272F9 /* PhotoWheelAppDelegate.h */ = {isa = PBXFileReference; lastKnownFileType = sourcecode.c.h; path = PhotoWheelAppDelegate.h; sourceTree = "<group>"; };
		68DA37F213B02F23003272F9 /* PhotoWheelAppDelegate.m */ = {isa = PBXFileReference; lastKnownFileType = sourcecode.c.objc; path = PhotoWheelAppDelegate.m; sourceTree = "<group>"; };
		68DA380013B030CC003272F9 /* MainStoryboard.storyboard */ = {isa = PBXFileReference; fileEncoding = 4; lastKnownFileType = file.storyboard; path = MainStoryboard.storyboard; sourceTree = "<group>"; };
		68EE13DB13D35883009D2CC7 /* PhotoWheelViewCell.h */ = {isa = PBXFileReference; fileEncoding = 4; lastKnownFileType = sourcecode.c.h; path = PhotoWheelViewCell.h; sourceTree = "<group>"; };
		68EE13DC13D35883009D2CC7 /* PhotoWheelViewCell.m */ = {isa = PBXFileReference; fileEncoding = 4; lastKnownFileType = sourcecode.c.objc; path = PhotoWheelViewCell.m; sourceTree = "<group>"; };
		68EE13DD13D35883009D2CC7 /* SpinGestureRecognizer.h */ = {isa = PBXFileReference; fileEncoding = 4; lastKnownFileType = sourcecode.c.h; path = SpinGestureRecognizer.h; sourceTree = "<group>"; };
		68EE13DE13D35883009D2CC7 /* SpinGestureRecognizer.m */ = {isa = PBXFileReference; fileEncoding = 4; lastKnownFileType = sourcecode.c.objc; path = SpinGestureRecognizer.m; sourceTree = "<group>"; };
		68EE13DF13D35883009D2CC7 /* UIImage+PWCategory.h */ = {isa = PBXFileReference; fileEncoding = 4; lastKnownFileType = sourcecode.c.h; path = "UIImage+PWCategory.h"; sourceTree = "<group>"; };
		68EE13E013D35883009D2CC7 /* UIImage+PWCategory.m */ = {isa = PBXFileReference; fileEncoding = 4; lastKnownFileType = sourcecode.c.objc; path = "UIImage+PWCategory.m"; sourceTree = "<group>"; };
		68EE13E113D35883009D2CC7 /* WheelView.h */ = {isa = PBXFileReference; fileEncoding = 4; lastKnownFileType = sourcecode.c.h; path = WheelView.h; sourceTree = "<group>"; };
		68EE13E213D35883009D2CC7 /* WheelView.m */ = {isa = PBXFileReference; fileEncoding = 4; lastKnownFileType = sourcecode.c.objc; path = WheelView.m; sourceTree = "<group>"; };
		68F3285F13D35729006A9CEB /* _Photo.h */ = {isa = PBXFileReference; fileEncoding = 4; lastKnownFileType = sourcecode.c.h; path = _Photo.h; sourceTree = "<group>"; };
		68F3286013D35729006A9CEB /* _Photo.m */ = {isa = PBXFileReference; fileEncoding = 4; lastKnownFileType = sourcecode.c.objc; path = _Photo.m; sourceTree = "<group>"; };
		68F3286113D35729006A9CEB /* _PhotoAlbum.h */ = {isa = PBXFileReference; fileEncoding = 4; lastKnownFileType = sourcecode.c.h; path = _PhotoAlbum.h; sourceTree = "<group>"; };
		68F3286213D35729006A9CEB /* _PhotoAlbum.m */ = {isa = PBXFileReference; fileEncoding = 4; lastKnownFileType = sourcecode.c.objc; path = _PhotoAlbum.m; sourceTree = "<group>"; };
		68F3286313D35729006A9CEB /* Photo.h */ = {isa = PBXFileReference; fileEncoding = 4; lastKnownFileType = sourcecode.c.h; path = Photo.h; sourceTree = "<group>"; };
		68F3286413D35729006A9CEB /* Photo.m */ = {isa = PBXFileReference; fileEncoding = 4; lastKnownFileType = sourcecode.c.objc; path = Photo.m; sourceTree = "<group>"; };
		68F3286513D35729006A9CEB /* PhotoAlbum.h */ = {isa = PBXFileReference; fileEncoding = 4; lastKnownFileType = sourcecode.c.h; path = PhotoAlbum.h; sourceTree = "<group>"; };
		68F3286613D35729006A9CEB /* PhotoAlbum.m */ = {isa = PBXFileReference; fileEncoding = 4; lastKnownFileType = sourcecode.c.objc; path = PhotoAlbum.m; sourceTree = "<group>"; };
		68FC1E8413D8944D00E9D18E /* buttonNext.png */ = {isa = PBXFileReference; lastKnownFileType = image.png; path = buttonNext.png; sourceTree = "<group>"; };
		68FC1E8513D8944D00E9D18E /* buttonPrevious.png */ = {isa = PBXFileReference; lastKnownFileType = image.png; path = buttonPrevious.png; sourceTree = "<group>"; };
/* End PBXFileReference section */

/* Begin PBXFrameworksBuildPhase section */
		68DA37D913B02F23003272F9 /* Frameworks */ = {
			isa = PBXFrameworksBuildPhase;
			buildActionMask = 2147483647;
			files = (
				68B804F313B0B9FF00EB3B6C /* QuartzCore.framework in Frameworks */,
				68DA37E113B02F23003272F9 /* UIKit.framework in Frameworks */,
				68DA37E313B02F23003272F9 /* Foundation.framework in Frameworks */,
				68DA37E513B02F23003272F9 /* CoreGraphics.framework in Frameworks */,
				68DA37E713B02F23003272F9 /* CoreData.framework in Frameworks */,
			);
			runOnlyForDeploymentPostprocessing = 0;
		};
/* End PBXFrameworksBuildPhase section */

/* Begin PBXGroup section */
		68D2D62313B0359F000308BB /* images */ = {
			isa = PBXGroup;
			children = (
				68FC1E8413D8944D00E9D18E /* buttonNext.png */,
				68FC1E8513D8944D00E9D18E /* buttonPrevious.png */,
				68D2D62413B0359F000308BB /* background-portrait-grooved.png */,
				685DA52B13D36E1200FACBE9 /* defaultPhoto.png */,
				68D2D62F13B03AC4000308BB /* Icon.png */,
				68D2D63013B03AC4000308BB /* Icon@2x.png */,
				68D2D63113B03AC4000308BB /* Icon72x72.png */,
				68D2D63213B03AC4000308BB /* IconSmall-50x50.png */,
				68D2D63313B03AC4000308BB /* IconSmall.png */,
				68D2D63413B03AC4000308BB /* IconSmall@2x.png */,
				68D2D63513B03AC4000308BB /* iTunesArtwork */,
				68D2D62B13B03920000308BB /* stack-add-down.png */,
				68D2D62C13B03920000308BB /* stack-add.png */,
				68D2D62713B03638000308BB /* stack-bg.png */,
				68D2D62913B037EF000308BB /* stack-viewer-bg-portrait.png */,
				685DA53013D37E2B00FACBE9 /* stack-overlay.png */,
				685DA53D13D4A6E700FACBE9 /* stack-viewer-shadow.png */,
			);
			path = images;
			sourceTree = "<group>";
		};
		68DA37D113B02F23003272F9 = {
			isa = PBXGroup;
			children = (
				68DA37E813B02F23003272F9 /* PhotoWheel */,
				68DA37DF13B02F23003272F9 /* Frameworks */,
				68DA37DD13B02F23003272F9 /* Products */,
			);
			sourceTree = "<group>";
		};
		68DA37DD13B02F23003272F9 /* Products */ = {
			isa = PBXGroup;
			children = (
				68DA37DC13B02F23003272F9 /* PhotoWheel.app */,
			);
			name = Products;
			sourceTree = "<group>";
		};
		68DA37DF13B02F23003272F9 /* Frameworks */ = {
			isa = PBXGroup;
			children = (
				68B804F213B0B9FF00EB3B6C /* QuartzCore.framework */,
				68DA37E013B02F23003272F9 /* UIKit.framework */,
				68DA37E213B02F23003272F9 /* Foundation.framework */,
				68DA37E413B02F23003272F9 /* CoreGraphics.framework */,
				68DA37E613B02F23003272F9 /* CoreData.framework */,
			);
			name = Frameworks;
			sourceTree = "<group>";
		};
		68DA37E813B02F23003272F9 /* PhotoWheel */ = {
			isa = PBXGroup;
			children = (
				68F3284F13D35610006A9CEB /* Data Model */,
				68DA37F113B02F23003272F9 /* PhotoWheelAppDelegate.h */,
				68DA37F213B02F23003272F9 /* PhotoWheelAppDelegate.m */,
				68DA380013B030CC003272F9 /* MainStoryboard.storyboard */,
				68B804F713B0C12600EB3B6C /* MainViewController.h */,
				68B804F813B0C12600EB3B6C /* MainViewController.m */,
				68B804FA13B0C15000EB3B6C /* PhotoAlbumViewController.h */,
				68B804FB13B0C15000EB3B6C /* PhotoAlbumViewController.m */,
				68B804E513B0B74200EB3B6C /* PhotoBrowserViewController.h */,
				68B804E613B0B74200EB3B6C /* PhotoBrowserViewController.m */,
				68B804EC13B0B93000EB3B6C /* CustomPushSegue.h */,
				68B804ED13B0B93000EB3B6C /* CustomPushSegue.m */,
				68B804F413B0BB3D00EB3B6C /* CustomNavigationController.h */,
				68B804F513B0BB3D00EB3B6C /* CustomNavigationController.m */,
				68B804EF13B0B9BC00EB3B6C /* UIView+PWCategory.h */,
				68B804F013B0B9BC00EB3B6C /* UIView+PWCategory.m */,
				68B804E113B0B2A500EB3B6C /* AboutViewController.h */,
				68B804E213B0B2A500EB3B6C /* AboutViewController.m */,
				68EE13DB13D35883009D2CC7 /* PhotoWheelViewCell.h */,
				68EE13DC13D35883009D2CC7 /* PhotoWheelViewCell.m */,
				685DA53213D37E5C00FACBE9 /* PhotoWheelViewCell.xib */,
				68EE13DD13D35883009D2CC7 /* SpinGestureRecognizer.h */,
				68EE13DE13D35883009D2CC7 /* SpinGestureRecognizer.m */,
				68EE13DF13D35883009D2CC7 /* UIImage+PWCategory.h */,
				68EE13E013D35883009D2CC7 /* UIImage+PWCategory.m */,
				68EE13E113D35883009D2CC7 /* WheelView.h */,
				68EE13E213D35883009D2CC7 /* WheelView.m */,
				685DA53413D459B500FACBE9 /* ClearToolbar.h */,
				685DA53513D459B600FACBE9 /* ClearToolbar.m */,
				685DA53A13D4A47000FACBE9 /* GridView.h */,
				685DA53B13D4A47200FACBE9 /* GridView.m */,
				685DA53F13D4A89200FACBE9 /* ImageGridViewCell.h */,
				685DA54013D4A89400FACBE9 /* ImageGridViewCell.m */,
				68D2D62313B0359F000308BB /* images */,
				68DA37E913B02F23003272F9 /* Supporting Files */,
			);
			path = PhotoWheel;
			sourceTree = "<group>";
		};
		68DA37E913B02F23003272F9 /* Supporting Files */ = {
			isa = PBXGroup;
			children = (
				68DA37EA13B02F23003272F9 /* PhotoWheel-Info.plist */,
				68DA37EB13B02F23003272F9 /* InfoPlist.strings */,
				68DA37EE13B02F23003272F9 /* main.m */,
				68DA37F013B02F23003272F9 /* PhotoWheel-Prefix.pch */,
			);
			name = "Supporting Files";
			sourceTree = "<group>";
		};
		68F3284F13D35610006A9CEB /* Data Model */ = {
			isa = PBXGroup;
			children = (
				68F3285F13D35729006A9CEB /* _Photo.h */,
				68F3286013D35729006A9CEB /* _Photo.m */,
				68F3286113D35729006A9CEB /* _PhotoAlbum.h */,
				68F3286213D35729006A9CEB /* _PhotoAlbum.m */,
				68F3286313D35729006A9CEB /* Photo.h */,
				68F3286413D35729006A9CEB /* Photo.m */,
				68F3286513D35729006A9CEB /* PhotoAlbum.h */,
				68F3286613D35729006A9CEB /* PhotoAlbum.m */,
				685DA52413D35BFE00FACBE9 /* PhotoWheel.xcdatamodeld */,
			);
			name = "Data Model";
			sourceTree = "<group>";
		};
/* End PBXGroup section */

/* Begin PBXNativeTarget section */
		68DA37DB13B02F23003272F9 /* PhotoWheel */ = {
			isa = PBXNativeTarget;
			buildConfigurationList = 68DA37F913B02F23003272F9 /* Build configuration list for PBXNativeTarget "PhotoWheel" */;
			buildPhases = (
				68DA37D813B02F23003272F9 /* Sources */,
				68DA37D913B02F23003272F9 /* Frameworks */,
				68DA37DA13B02F23003272F9 /* Resources */,
			);
			buildRules = (
			);
			dependencies = (
			);
			name = PhotoWheel;
			productName = PhotoWheel;
			productReference = 68DA37DC13B02F23003272F9 /* PhotoWheel.app */;
			productType = "com.apple.product-type.application";
		};
/* End PBXNativeTarget section */

/* Begin PBXProject section */
		68DA37D313B02F23003272F9 /* Project object */ = {
			isa = PBXProject;
			attributes = {
				ORGANIZATIONNAME = "White Peak Software Inc.";
			};
			buildConfigurationList = 68DA37D613B02F23003272F9 /* Build configuration list for PBXProject "PhotoWheel" */;
			compatibilityVersion = "Xcode 3.2";
			developmentRegion = English;
			hasScannedForEncodings = 0;
			knownRegions = (
				en,
			);
			mainGroup = 68DA37D113B02F23003272F9;
			productRefGroup = 68DA37DD13B02F23003272F9 /* Products */;
			projectDirPath = "";
			projectRoot = "";
			targets = (
				68DA37DB13B02F23003272F9 /* PhotoWheel */,
			);
		};
/* End PBXProject section */

/* Begin PBXResourcesBuildPhase section */
		68DA37DA13B02F23003272F9 /* Resources */ = {
			isa = PBXResourcesBuildPhase;
			buildActionMask = 2147483647;
			files = (
				68DA37ED13B02F23003272F9 /* InfoPlist.strings in Resources */,
				68DA380113B030CC003272F9 /* MainStoryboard.storyboard in Resources */,
				68D2D62513B0359F000308BB /* background-portrait-grooved.png in Resources */,
				68D2D62813B03638000308BB /* stack-bg.png in Resources */,
				68D2D62A13B037EF000308BB /* stack-viewer-bg-portrait.png in Resources */,
				68D2D62D13B03920000308BB /* stack-add-down.png in Resources */,
				68D2D62E13B03920000308BB /* stack-add.png in Resources */,
				68D2D63613B03AC4000308BB /* Icon.png in Resources */,
				68D2D63713B03AC4000308BB /* Icon@2x.png in Resources */,
				68D2D63813B03AC4000308BB /* Icon72x72.png in Resources */,
				68D2D63913B03AC4000308BB /* IconSmall-50x50.png in Resources */,
				68D2D63A13B03AC4000308BB /* IconSmall.png in Resources */,
				68D2D63B13B03AC4000308BB /* IconSmall@2x.png in Resources */,
				68D2D63C13B03AC4000308BB /* iTunesArtwork in Resources */,
				685DA52C13D36E1200FACBE9 /* defaultPhoto.png in Resources */,
				685DA53113D37E2B00FACBE9 /* stack-overlay.png in Resources */,
				685DA53313D37E5D00FACBE9 /* PhotoWheelViewCell.xib in Resources */,
				685DA53E13D4A6E700FACBE9 /* stack-viewer-shadow.png in Resources */,
				68FC1E8613D8944D00E9D18E /* buttonNext.png in Resources */,
				68FC1E8713D8944D00E9D18E /* buttonPrevious.png in Resources */,
			);
			runOnlyForDeploymentPostprocessing = 0;
		};
/* End PBXResourcesBuildPhase section */

/* Begin PBXSourcesBuildPhase section */
		68DA37D813B02F23003272F9 /* Sources */ = {
			isa = PBXSourcesBuildPhase;
			buildActionMask = 2147483647;
			files = (
				68DA37EF13B02F23003272F9 /* main.m in Sources */,
				68DA37F313B02F23003272F9 /* PhotoWheelAppDelegate.m in Sources */,
				68B804E313B0B2A500EB3B6C /* AboutViewController.m in Sources */,
				68B804E713B0B74200EB3B6C /* PhotoBrowserViewController.m in Sources */,
				68B804EE13B0B93000EB3B6C /* CustomPushSegue.m in Sources */,
				68B804F113B0B9BC00EB3B6C /* UIView+PWCategory.m in Sources */,
				68B804F613B0BB3D00EB3B6C /* CustomNavigationController.m in Sources */,
				68B804F913B0C12600EB3B6C /* MainViewController.m in Sources */,
				68B804FC13B0C15000EB3B6C /* PhotoAlbumViewController.m in Sources */,
				68F3286913D35729006A9CEB /* _Photo.m in Sources */,
				68F3286A13D35729006A9CEB /* _PhotoAlbum.m in Sources */,
				68F3286B13D35729006A9CEB /* Photo.m in Sources */,
				68F3286C13D35729006A9CEB /* PhotoAlbum.m in Sources */,
				68EE13E313D35883009D2CC7 /* PhotoWheelViewCell.m in Sources */,
				68EE13E413D35883009D2CC7 /* SpinGestureRecognizer.m in Sources */,
				68EE13E513D35883009D2CC7 /* UIImage+PWCategory.m in Sources */,
				68EE13E613D35883009D2CC7 /* WheelView.m in Sources */,
				685DA52613D35BFE00FACBE9 /* PhotoWheel.xcdatamodeld in Sources */,
				685DA53613D459B800FACBE9 /* ClearToolbar.m in Sources */,
				685DA53C13D4A47300FACBE9 /* GridView.m in Sources */,
				685DA54113D4A89500FACBE9 /* ImageGridViewCell.m in Sources */,
			);
			runOnlyForDeploymentPostprocessing = 0;
		};
/* End PBXSourcesBuildPhase section */

/* Begin PBXVariantGroup section */
		68DA37EB13B02F23003272F9 /* InfoPlist.strings */ = {
			isa = PBXVariantGroup;
			children = (
				68DA37EC13B02F23003272F9 /* en */,
			);
			name = InfoPlist.strings;
			sourceTree = "<group>";
		};
/* End PBXVariantGroup section */

/* Begin XCBuildConfiguration section */
		68DA37F713B02F23003272F9 /* Debug */ = {
			isa = XCBuildConfiguration;
			buildSettings = {
				ALWAYS_SEARCH_USER_PATHS = NO;
				ARCHS = "$(ARCHS_STANDARD_32_BIT)";
				CLANG_ENABLE_OBJC_ARC = YES;
				"CODE_SIGN_IDENTITY[sdk=iphoneos*]" = "iPhone Developer";
				COPY_PHASE_STRIP = NO;
				GCC_C_LANGUAGE_STANDARD = gnu99;
				GCC_DYNAMIC_NO_PIC = NO;
				GCC_OPTIMIZATION_LEVEL = 0;
				GCC_PREPROCESSOR_DEFINITIONS = (
					"DEBUG=1",
					"$(inherited)",
				);
				GCC_SYMBOLS_PRIVATE_EXTERN = NO;
				GCC_VERSION = com.apple.compilers.llvm.clang.1_0;
				GCC_WARN_ABOUT_MISSING_PROTOTYPES = YES;
				GCC_WARN_ABOUT_RETURN_TYPE = YES;
				GCC_WARN_UNUSED_VARIABLE = YES;
				IPHONEOS_DEPLOYMENT_TARGET = 5.0;
				SDKROOT = iphoneos;
				TARGETED_DEVICE_FAMILY = 2;
			};
			name = Debug;
		};
		68DA37F813B02F23003272F9 /* Release */ = {
			isa = XCBuildConfiguration;
			buildSettings = {
				ALWAYS_SEARCH_USER_PATHS = NO;
				ARCHS = "$(ARCHS_STANDARD_32_BIT)";
				CLANG_ENABLE_OBJC_ARC = YES;
				"CODE_SIGN_IDENTITY[sdk=iphoneos*]" = "iPhone Developer";
				COPY_PHASE_STRIP = YES;
				GCC_C_LANGUAGE_STANDARD = gnu99;
				GCC_VERSION = com.apple.compilers.llvm.clang.1_0;
				GCC_WARN_ABOUT_MISSING_PROTOTYPES = YES;
				GCC_WARN_ABOUT_RETURN_TYPE = YES;
				GCC_WARN_UNUSED_VARIABLE = YES;
				IPHONEOS_DEPLOYMENT_TARGET = 5.0;
				OTHER_CFLAGS = "-DNS_BLOCK_ASSERTIONS=1";
				SDKROOT = iphoneos;
				TARGETED_DEVICE_FAMILY = 2;
				VALIDATE_PRODUCT = YES;
			};
			name = Release;
		};
		68DA37FA13B02F23003272F9 /* Debug */ = {
			isa = XCBuildConfiguration;
			buildSettings = {
				GCC_PRECOMPILE_PREFIX_HEADER = YES;
				GCC_PREFIX_HEADER = "PhotoWheel/PhotoWheel-Prefix.pch";
				INFOPLIST_FILE = "PhotoWheel/PhotoWheel-Info.plist";
				PRODUCT_NAME = "$(TARGET_NAME)";
				WRAPPER_EXTENSION = app;
			};
			name = Debug;
		};
		68DA37FB13B02F23003272F9 /* Release */ = {
			isa = XCBuildConfiguration;
			buildSettings = {
				GCC_PRECOMPILE_PREFIX_HEADER = YES;
				GCC_PREFIX_HEADER = "PhotoWheel/PhotoWheel-Prefix.pch";
				INFOPLIST_FILE = "PhotoWheel/PhotoWheel-Info.plist";
				PRODUCT_NAME = "$(TARGET_NAME)";
				WRAPPER_EXTENSION = app;
			};
			name = Release;
		};
/* End XCBuildConfiguration section */

/* Begin XCConfigurationList section */
		68DA37D613B02F23003272F9 /* Build configuration list for PBXProject "PhotoWheel" */ = {
			isa = XCConfigurationList;
			buildConfigurations = (
				68DA37F713B02F23003272F9 /* Debug */,
				68DA37F813B02F23003272F9 /* Release */,
			);
			defaultConfigurationIsVisible = 0;
			defaultConfigurationName = Release;
		};
		68DA37F913B02F23003272F9 /* Build configuration list for PBXNativeTarget "PhotoWheel" */ = {
			isa = XCConfigurationList;
			buildConfigurations = (
				68DA37FA13B02F23003272F9 /* Debug */,
				68DA37FB13B02F23003272F9 /* Release */,
			);
			defaultConfigurationIsVisible = 0;
			defaultConfigurationName = Release;
		};
/* End XCConfigurationList section */

/* Begin XCVersionGroup section */
		685DA52413D35BFE00FACBE9 /* PhotoWheel.xcdatamodeld */ = {
			isa = XCVersionGroup;
			children = (
				685DA52513D35BFE00FACBE9 /* PhotoWheel.xcdatamodel */,
			);
			currentVersion = 685DA52513D35BFE00FACBE9 /* PhotoWheel.xcdatamodel */;
			path = PhotoWheel.xcdatamodeld;
			sourceTree = "<group>";
			versionGroupType = wrapper.xcdatamodel;
		};
/* End XCVersionGroup section */
	};
	rootObject = 68DA37D313B02F23003272F9 /* Project object */;
}
