// !$*UTF8*$!
{
	archiveVersion = 1;
	classes = {
	};
	objectVersion = 46;
	objects = {

/* Begin PBXBuildFile section */
		6802A36F152BD7F50048C2A0 /* BWApp.m in Sources */ = {isa = PBXBuildFile; fileRef = 6802A348152BD7F50048C2A0 /* BWApp.m */; settings = {COMPILER_FLAGS = "-fno-objc-arc"; }; };
		6802A370152BD7F50048C2A0 /* BWGlobal.m in Sources */ = {isa = PBXBuildFile; fileRef = 6802A34A152BD7F50048C2A0 /* BWGlobal.m */; settings = {COMPILER_FLAGS = "-fno-objc-arc"; }; };
		6802A371152BD7F50048C2A0 /* BWHockeyManager.m in Sources */ = {isa = PBXBuildFile; fileRef = 6802A34C152BD7F50048C2A0 /* BWHockeyManager.m */; settings = {COMPILER_FLAGS = "-fno-objc-arc"; }; };
		6802A372152BD7F50048C2A0 /* BWHockeySettingsViewController.m in Sources */ = {isa = PBXBuildFile; fileRef = 6802A34E152BD7F50048C2A0 /* BWHockeySettingsViewController.m */; settings = {COMPILER_FLAGS = "-fno-objc-arc"; }; };
		6802A373152BD7F50048C2A0 /* BWHockeyViewController.m in Sources */ = {isa = PBXBuildFile; fileRef = 6802A350152BD7F50048C2A0 /* BWHockeyViewController.m */; settings = {COMPILER_FLAGS = "-fno-objc-arc"; }; };
		6802A374152BD7F50048C2A0 /* BWQuincyManager.m in Sources */ = {isa = PBXBuildFile; fileRef = 6802A352152BD7F50048C2A0 /* BWQuincyManager.m */; settings = {COMPILER_FLAGS = "-fno-objc-arc"; }; };
		6802A375152BD7F50048C2A0 /* CNSHockeyManager.m in Sources */ = {isa = PBXBuildFile; fileRef = 6802A355152BD7F50048C2A0 /* CNSHockeyManager.m */; settings = {COMPILER_FLAGS = "-fno-objc-arc"; }; };
		6802A376152BD7F50048C2A0 /* NSString+HockeyAdditions.m in Sources */ = {isa = PBXBuildFile; fileRef = 6802A357152BD7F50048C2A0 /* NSString+HockeyAdditions.m */; settings = {COMPILER_FLAGS = "-fno-objc-arc"; }; };
		6802A377152BD7F50048C2A0 /* PSAppStoreHeader.m in Sources */ = {isa = PBXBuildFile; fileRef = 6802A359152BD7F50048C2A0 /* PSAppStoreHeader.m */; settings = {COMPILER_FLAGS = "-fno-objc-arc"; }; };
		6802A378152BD7F50048C2A0 /* PSStoreButton.m in Sources */ = {isa = PBXBuildFile; fileRef = 6802A35B152BD7F50048C2A0 /* PSStoreButton.m */; settings = {COMPILER_FLAGS = "-fno-objc-arc"; }; };
		6802A379152BD7F50048C2A0 /* PSWebTableViewCell.m in Sources */ = {isa = PBXBuildFile; fileRef = 6802A35D152BD7F50048C2A0 /* PSWebTableViewCell.m */; settings = {COMPILER_FLAGS = "-fno-objc-arc"; }; };
		6802A37A152BD7F50048C2A0 /* UIImage+HockeyAdditions.m in Sources */ = {isa = PBXBuildFile; fileRef = 6802A35F152BD7F50048C2A0 /* UIImage+HockeyAdditions.m */; settings = {COMPILER_FLAGS = "-fno-objc-arc"; }; };
		6802A37B152BD7F50048C2A0 /* HockeySDK.podspec in Resources */ = {isa = PBXBuildFile; fileRef = 6802A360152BD7F50048C2A0 /* HockeySDK.podspec */; };
		6802A37C152BD7F50048C2A0 /* LICENSE.txt in Resources */ = {isa = PBXBuildFile; fileRef = 6802A361152BD7F50048C2A0 /* LICENSE.txt */; };
		6802A37D152BD7F50048C2A0 /* README.md in Resources */ = {isa = PBXBuildFile; fileRef = 6802A362152BD7F50048C2A0 /* README.md */; };
		6802A37E152BD7F50048C2A0 /* Hockey.bundle in Resources */ = {isa = PBXBuildFile; fileRef = 6802A364152BD7F50048C2A0 /* Hockey.bundle */; };
		6802A37F152BD7F50048C2A0 /* Quincy.bundle in Resources */ = {isa = PBXBuildFile; fileRef = 6802A365152BD7F50048C2A0 /* Quincy.bundle */; };
		6802A380152BD7F50048C2A0 /* CrashReporter.framework in Frameworks */ = {isa = PBXBuildFile; fileRef = 6802A36B152BD7F50048C2A0 /* CrashReporter.framework */; };
		681DB3D01453334600DF0849 /* SlideShowViewController.m in Sources */ = {isa = PBXBuildFile; fileRef = 681DB3CF1453334600DF0849 /* SlideShowViewController.m */; };
		681DB3D41453335D00DF0849 /* MainSlideShowViewController.m in Sources */ = {isa = PBXBuildFile; fileRef = 681DB3D31453335D00DF0849 /* MainSlideShowViewController.m */; };
		681DB3D614533BEC00DF0849 /* MediaPlayer.framework in Frameworks */ = {isa = PBXBuildFile; fileRef = 681DB3D514533BEC00DF0849 /* MediaPlayer.framework */; };
		681DB410145374D400DF0849 /* CoreImage.framework in Frameworks */ = {isa = PBXBuildFile; fileRef = 681DB40F145374D400DF0849 /* CoreImage.framework */; };
		682BC4B51434DE4600286C9D /* _Photo.m in Sources */ = {isa = PBXBuildFile; fileRef = 682BC4A81434DE4600286C9D /* _Photo.m */; };
		682BC4B61434DE4600286C9D /* _PhotoAlbum.m in Sources */ = {isa = PBXBuildFile; fileRef = 682BC4AA1434DE4600286C9D /* _PhotoAlbum.m */; };
		682BC4B71434DE4600286C9D /* Photo.m in Sources */ = {isa = PBXBuildFile; fileRef = 682BC4AC1434DE4600286C9D /* Photo.m */; };
		682BC4B81434DE4600286C9D /* PhotoAlbum.m in Sources */ = {isa = PBXBuildFile; fileRef = 682BC4AE1434DE4600286C9D /* PhotoAlbum.m */; };
		682BC4B91434DE4600286C9D /* PhotoWheelViewCell.m in Sources */ = {isa = PBXBuildFile; fileRef = 682BC4B01434DE4600286C9D /* PhotoWheelViewCell.m */; };
		682BC4BA1434DE4600286C9D /* SpinGestureRecognizer.m in Sources */ = {isa = PBXBuildFile; fileRef = 682BC4B21434DE4600286C9D /* SpinGestureRecognizer.m */; };
		682BC4BB1434DE4600286C9D /* WheelView.m in Sources */ = {isa = PBXBuildFile; fileRef = 682BC4B41434DE4600286C9D /* WheelView.m */; };
		682BC4C71434F0C800286C9D /* ClearToolbar.m in Sources */ = {isa = PBXBuildFile; fileRef = 682BC4C61434F0C700286C9D /* ClearToolbar.m */; };
		682BC4C91434F28200286C9D /* PhotoWheelViewCell.xib in Resources */ = {isa = PBXBuildFile; fileRef = 682BC4C81434F28100286C9D /* PhotoWheelViewCell.xib */; };
		682BC4D014351A9100286C9D /* GridView.m in Sources */ = {isa = PBXBuildFile; fileRef = 682BC4CF14351A9000286C9D /* GridView.m */; };
		682BC4D314351EFF00286C9D /* ImageGridViewCell.m in Sources */ = {isa = PBXBuildFile; fileRef = 682BC4D214351EFF00286C9D /* ImageGridViewCell.m */; };
		684F03CB152B9F69000CB64A /* QuartzCore.framework in Frameworks */ = {isa = PBXBuildFile; fileRef = 684F03CA152B9F69000CB64A /* QuartzCore.framework */; };
		68529C4213F05B4E00674415 /* AboutViewController.m in Sources */ = {isa = PBXBuildFile; fileRef = 68529C4113F05B4E00674415 /* AboutViewController.m */; };
		6856FE1714389AC3003502DB /* MessageUI.framework in Frameworks */ = {isa = PBXBuildFile; fileRef = 6856FE1614389AC3003502DB /* MessageUI.framework */; };
		6856FE1B14389B05003502DB /* SendEmailController.m in Sources */ = {isa = PBXBuildFile; fileRef = 6856FE1A14389B05003502DB /* SendEmailController.m */; };
		6856FE261438A840003502DB /* FlickrViewController.m in Sources */ = {isa = PBXBuildFile; fileRef = 6856FE251438A840003502DB /* FlickrViewController.m */; };
		6856FE2A1438ACED003502DB /* SimpleFlickrAPI.m in Sources */ = {isa = PBXBuildFile; fileRef = 6856FE291438ACED003502DB /* SimpleFlickrAPI.m */; };
		6856FE2D1438AEF7003502DB /* ImageDownloader.m in Sources */ = {isa = PBXBuildFile; fileRef = 6856FE2C1438AEF7003502DB /* ImageDownloader.m */; };
		6891947D1471645200F6B58E /* PhotoWheelAboutIcon.png in Resources */ = {isa = PBXBuildFile; fileRef = 6891947C1471645200F6B58E /* PhotoWheelAboutIcon.png */; };
		6891948B14716EC300F6B58E /* SystemConfiguration.framework in Frameworks */ = {isa = PBXBuildFile; fileRef = 6891948A14716EC300F6B58E /* SystemConfiguration.framework */; };
		689199B013F5B6530037CBAC /* UIView+PWCategory.m in Sources */ = {isa = PBXBuildFile; fileRef = 689199AF13F5B6530037CBAC /* UIView+PWCategory.m */; };
		689199B213F5BFFA0037CBAC /* CoreGraphics.framework in Frameworks */ = {isa = PBXBuildFile; fileRef = 689199B113F5BFFA0037CBAC /* CoreGraphics.framework */; };
		689199B513F5C8320037CBAC /* CustomNavigationController.m in Sources */ = {isa = PBXBuildFile; fileRef = 689199B413F5C8320037CBAC /* CustomNavigationController.m */; };
		68A156BA14379FDE008400B0 /* addphoto.png in Resources */ = {isa = PBXBuildFile; fileRef = 68A156A214379FDE008400B0 /* addphoto.png */; };
		68A156BB14379FDE008400B0 /* background-landscape-left-grooved.png in Resources */ = {isa = PBXBuildFile; fileRef = 68A156A314379FDE008400B0 /* background-landscape-left-grooved.png */; };
		68A156BC14379FDE008400B0 /* background-landscape-right-grooved.png in Resources */ = {isa = PBXBuildFile; fileRef = 68A156A414379FDE008400B0 /* background-landscape-right-grooved.png */; };
		68A156BD14379FDE008400B0 /* background-portrait-grooved.png in Resources */ = {isa = PBXBuildFile; fileRef = 68A156A514379FDE008400B0 /* background-portrait-grooved.png */; };
		68A156BE14379FDE008400B0 /* buttonNext.png in Resources */ = {isa = PBXBuildFile; fileRef = 68A156A614379FDE008400B0 /* buttonNext.png */; };
		68A156BF14379FDE008400B0 /* buttonPrevious.png in Resources */ = {isa = PBXBuildFile; fileRef = 68A156A714379FDE008400B0 /* buttonPrevious.png */; };
		68A156C014379FDE008400B0 /* defaultPhoto.png in Resources */ = {isa = PBXBuildFile; fileRef = 68A156A814379FDE008400B0 /* defaultPhoto.png */; };
		68A156C114379FDE008400B0 /* Icon.png in Resources */ = {isa = PBXBuildFile; fileRef = 68A156A914379FDE008400B0 /* Icon.png */; };
		68A156C214379FDE008400B0 /* Icon@2x.png in Resources */ = {isa = PBXBuildFile; fileRef = 68A156AA14379FDE008400B0 /* Icon@2x.png */; };
		68A156C314379FDE008400B0 /* Icon72x72.png in Resources */ = {isa = PBXBuildFile; fileRef = 68A156AB14379FDE008400B0 /* Icon72x72.png */; };
		68A156C414379FDE008400B0 /* IconSmall-50x50.png in Resources */ = {isa = PBXBuildFile; fileRef = 68A156AC14379FDE008400B0 /* IconSmall-50x50.png */; };
		68A156C514379FDE008400B0 /* IconSmall.png in Resources */ = {isa = PBXBuildFile; fileRef = 68A156AD14379FDE008400B0 /* IconSmall.png */; };
		68A156C614379FDE008400B0 /* IconSmall@2x.png in Resources */ = {isa = PBXBuildFile; fileRef = 68A156AE14379FDE008400B0 /* IconSmall@2x.png */; };
		68A156C714379FDE008400B0 /* iTunesArtwork in Resources */ = {isa = PBXBuildFile; fileRef = 68A156AF14379FDE008400B0 /* iTunesArtwork */; };
		68A156C914379FDE008400B0 /* Default.png in Resources */ = {isa = PBXBuildFile; fileRef = 68A156B114379FDE008400B0 /* Default.png */; };
		68A156CA14379FDE008400B0 /* stack-add-down.png in Resources */ = {isa = PBXBuildFile; fileRef = 68A156B214379FDE008400B0 /* stack-add-down.png */; };
		68A156CB14379FDE008400B0 /* stack-add.png in Resources */ = {isa = PBXBuildFile; fileRef = 68A156B314379FDE008400B0 /* stack-add.png */; };
		68A156CC14379FDE008400B0 /* stack-bg.png in Resources */ = {isa = PBXBuildFile; fileRef = 68A156B414379FDE008400B0 /* stack-bg.png */; };
		68A156CD14379FDE008400B0 /* stack-overlay.png in Resources */ = {isa = PBXBuildFile; fileRef = 68A156B514379FDE008400B0 /* stack-overlay.png */; };
		68A156CE14379FDE008400B0 /* stack-viewer-bg-landscape-left.png in Resources */ = {isa = PBXBuildFile; fileRef = 68A156B614379FDE008400B0 /* stack-viewer-bg-landscape-left.png */; };
		68A156CF14379FDE008400B0 /* stack-viewer-bg-landscape-right.png in Resources */ = {isa = PBXBuildFile; fileRef = 68A156B714379FDE008400B0 /* stack-viewer-bg-landscape-right.png */; };
		68A156D014379FDE008400B0 /* stack-viewer-bg-portrait.png in Resources */ = {isa = PBXBuildFile; fileRef = 68A156B814379FDE008400B0 /* stack-viewer-bg-portrait.png */; };
		68A156D114379FDE008400B0 /* stack-viewer-shadow.png in Resources */ = {isa = PBXBuildFile; fileRef = 68A156B914379FDE008400B0 /* stack-viewer-shadow.png */; };
		68C8C6C01437725C00480F4E /* PhotoBrowserViewController.m in Sources */ = {isa = PBXBuildFile; fileRef = 68C8C6BF1437725C00480F4E /* PhotoBrowserViewController.m */; };
		68C8C6C414377AF900480F4E /* PhotoBrowserPhotoView.m in Sources */ = {isa = PBXBuildFile; fileRef = 68C8C6C314377AF900480F4E /* PhotoBrowserPhotoView.m */; };
		68DC3FA013F59EB400C1E402 /* CustomPushSegue.m in Sources */ = {isa = PBXBuildFile; fileRef = 68DC3F9F13F59EB400C1E402 /* CustomPushSegue.m */; };
		68F32AC514530D9900D477DF /* Default-Landscape.png in Resources */ = {isa = PBXBuildFile; fileRef = 68F32AC414530D9900D477DF /* Default-Landscape.png */; };
		68F5ED6C13F6CAF30006732C /* MainViewController.m in Sources */ = {isa = PBXBuildFile; fileRef = 68F5ED6B13F6CAF30006732C /* MainViewController.m */; };
		68F5ED7013F6CB020006732C /* PhotoAlbumViewController.m in Sources */ = {isa = PBXBuildFile; fileRef = 68F5ED6F13F6CB020006732C /* PhotoAlbumViewController.m */; };
		68F5ED7313F6CB100006732C /* PhotoAlbumsViewController.m in Sources */ = {isa = PBXBuildFile; fileRef = 68F5ED7213F6CB100006732C /* PhotoAlbumsViewController.m */; };
		68FA6AD613EEF3BB00E046BD /* UIKit.framework in Frameworks */ = {isa = PBXBuildFile; fileRef = 68FA6AD513EEF3BB00E046BD /* UIKit.framework */; };
		68FA6AD813EEF3BB00E046BD /* Foundation.framework in Frameworks */ = {isa = PBXBuildFile; fileRef = 68FA6AD713EEF3BB00E046BD /* Foundation.framework */; };
		68FA6ADA13EEF3BB00E046BD /* CoreData.framework in Frameworks */ = {isa = PBXBuildFile; fileRef = 68FA6AD913EEF3BB00E046BD /* CoreData.framework */; };
		68FA6AE013EEF3BB00E046BD /* InfoPlist.strings in Resources */ = {isa = PBXBuildFile; fileRef = 68FA6ADE13EEF3BB00E046BD /* InfoPlist.strings */; };
		68FA6AE213EEF3BB00E046BD /* main.m in Sources */ = {isa = PBXBuildFile; fileRef = 68FA6AE113EEF3BB00E046BD /* main.m */; };
		68FA6AE613EEF3BB00E046BD /* AppDelegate.m in Sources */ = {isa = PBXBuildFile; fileRef = 68FA6AE513EEF3BB00E046BD /* AppDelegate.m */; };
		68FA6AE913EEF3BB00E046BD /* PhotoWheel.xcdatamodeld in Sources */ = {isa = PBXBuildFile; fileRef = 68FA6AE713EEF3BB00E046BD /* PhotoWheel.xcdatamodeld */; };
		68FA6B3713EF12B900E046BD /* MainStoryboard.storyboard in Resources */ = {isa = PBXBuildFile; fileRef = 68FA6B3613EF12B900E046BD /* MainStoryboard.storyboard */; };
/* End PBXBuildFile section */

/* Begin PBXFileReference section */
		6802A347152BD7F50048C2A0 /* BWApp.h */ = {isa = PBXFileReference; fileEncoding = 4; lastKnownFileType = sourcecode.c.h; path = BWApp.h; sourceTree = "<group>"; };
		6802A348152BD7F50048C2A0 /* BWApp.m */ = {isa = PBXFileReference; fileEncoding = 4; lastKnownFileType = sourcecode.c.objc; path = BWApp.m; sourceTree = "<group>"; };
		6802A349152BD7F50048C2A0 /* BWGlobal.h */ = {isa = PBXFileReference; fileEncoding = 4; lastKnownFileType = sourcecode.c.h; path = BWGlobal.h; sourceTree = "<group>"; };
		6802A34A152BD7F50048C2A0 /* BWGlobal.m */ = {isa = PBXFileReference; fileEncoding = 4; lastKnownFileType = sourcecode.c.objc; path = BWGlobal.m; sourceTree = "<group>"; };
		6802A34B152BD7F50048C2A0 /* BWHockeyManager.h */ = {isa = PBXFileReference; fileEncoding = 4; lastKnownFileType = sourcecode.c.h; path = BWHockeyManager.h; sourceTree = "<group>"; };
		6802A34C152BD7F50048C2A0 /* BWHockeyManager.m */ = {isa = PBXFileReference; fileEncoding = 4; lastKnownFileType = sourcecode.c.objc; path = BWHockeyManager.m; sourceTree = "<group>"; };
		6802A34D152BD7F50048C2A0 /* BWHockeySettingsViewController.h */ = {isa = PBXFileReference; fileEncoding = 4; lastKnownFileType = sourcecode.c.h; path = BWHockeySettingsViewController.h; sourceTree = "<group>"; };
		6802A34E152BD7F50048C2A0 /* BWHockeySettingsViewController.m */ = {isa = PBXFileReference; fileEncoding = 4; lastKnownFileType = sourcecode.c.objc; path = BWHockeySettingsViewController.m; sourceTree = "<group>"; };
		6802A34F152BD7F50048C2A0 /* BWHockeyViewController.h */ = {isa = PBXFileReference; fileEncoding = 4; lastKnownFileType = sourcecode.c.h; path = BWHockeyViewController.h; sourceTree = "<group>"; };
		6802A350152BD7F50048C2A0 /* BWHockeyViewController.m */ = {isa = PBXFileReference; fileEncoding = 4; lastKnownFileType = sourcecode.c.objc; path = BWHockeyViewController.m; sourceTree = "<group>"; };
		6802A351152BD7F50048C2A0 /* BWQuincyManager.h */ = {isa = PBXFileReference; fileEncoding = 4; lastKnownFileType = sourcecode.c.h; path = BWQuincyManager.h; sourceTree = "<group>"; };
		6802A352152BD7F50048C2A0 /* BWQuincyManager.m */ = {isa = PBXFileReference; fileEncoding = 4; lastKnownFileType = sourcecode.c.objc; path = BWQuincyManager.m; sourceTree = "<group>"; };
		6802A353152BD7F50048C2A0 /* CNSFixCategoryBug.h */ = {isa = PBXFileReference; fileEncoding = 4; lastKnownFileType = sourcecode.c.h; path = CNSFixCategoryBug.h; sourceTree = "<group>"; };
		6802A354152BD7F50048C2A0 /* CNSHockeyManager.h */ = {isa = PBXFileReference; fileEncoding = 4; lastKnownFileType = sourcecode.c.h; path = CNSHockeyManager.h; sourceTree = "<group>"; };
		6802A355152BD7F50048C2A0 /* CNSHockeyManager.m */ = {isa = PBXFileReference; fileEncoding = 4; lastKnownFileType = sourcecode.c.objc; path = CNSHockeyManager.m; sourceTree = "<group>"; };
		6802A356152BD7F50048C2A0 /* NSString+HockeyAdditions.h */ = {isa = PBXFileReference; fileEncoding = 4; lastKnownFileType = sourcecode.c.h; path = "NSString+HockeyAdditions.h"; sourceTree = "<group>"; };
		6802A357152BD7F50048C2A0 /* NSString+HockeyAdditions.m */ = {isa = PBXFileReference; fileEncoding = 4; lastKnownFileType = sourcecode.c.objc; path = "NSString+HockeyAdditions.m"; sourceTree = "<group>"; };
		6802A358152BD7F50048C2A0 /* PSAppStoreHeader.h */ = {isa = PBXFileReference; fileEncoding = 4; lastKnownFileType = sourcecode.c.h; path = PSAppStoreHeader.h; sourceTree = "<group>"; };
		6802A359152BD7F50048C2A0 /* PSAppStoreHeader.m */ = {isa = PBXFileReference; fileEncoding = 4; lastKnownFileType = sourcecode.c.objc; path = PSAppStoreHeader.m; sourceTree = "<group>"; };
		6802A35A152BD7F50048C2A0 /* PSStoreButton.h */ = {isa = PBXFileReference; fileEncoding = 4; lastKnownFileType = sourcecode.c.h; path = PSStoreButton.h; sourceTree = "<group>"; };
		6802A35B152BD7F50048C2A0 /* PSStoreButton.m */ = {isa = PBXFileReference; fileEncoding = 4; lastKnownFileType = sourcecode.c.objc; path = PSStoreButton.m; sourceTree = "<group>"; };
		6802A35C152BD7F50048C2A0 /* PSWebTableViewCell.h */ = {isa = PBXFileReference; fileEncoding = 4; lastKnownFileType = sourcecode.c.h; path = PSWebTableViewCell.h; sourceTree = "<group>"; };
		6802A35D152BD7F50048C2A0 /* PSWebTableViewCell.m */ = {isa = PBXFileReference; fileEncoding = 4; lastKnownFileType = sourcecode.c.objc; path = PSWebTableViewCell.m; sourceTree = "<group>"; };
		6802A35E152BD7F50048C2A0 /* UIImage+HockeyAdditions.h */ = {isa = PBXFileReference; fileEncoding = 4; lastKnownFileType = sourcecode.c.h; path = "UIImage+HockeyAdditions.h"; sourceTree = "<group>"; };
		6802A35F152BD7F50048C2A0 /* UIImage+HockeyAdditions.m */ = {isa = PBXFileReference; fileEncoding = 4; lastKnownFileType = sourcecode.c.objc; path = "UIImage+HockeyAdditions.m"; sourceTree = "<group>"; };
		6802A360152BD7F50048C2A0 /* HockeySDK.podspec */ = {isa = PBXFileReference; fileEncoding = 4; lastKnownFileType = text; path = HockeySDK.podspec; sourceTree = "<group>"; };
		6802A361152BD7F50048C2A0 /* LICENSE.txt */ = {isa = PBXFileReference; fileEncoding = 4; lastKnownFileType = text; path = LICENSE.txt; sourceTree = "<group>"; };
		6802A362152BD7F50048C2A0 /* README.md */ = {isa = PBXFileReference; fileEncoding = 4; lastKnownFileType = text; path = README.md; sourceTree = "<group>"; };
		6802A364152BD7F50048C2A0 /* Hockey.bundle */ = {isa = PBXFileReference; lastKnownFileType = "wrapper.plug-in"; path = Hockey.bundle; sourceTree = "<group>"; };
		6802A365152BD7F50048C2A0 /* Quincy.bundle */ = {isa = PBXFileReference; lastKnownFileType = "wrapper.plug-in"; path = Quincy.bundle; sourceTree = "<group>"; };
		6802A36B152BD7F50048C2A0 /* CrashReporter.framework */ = {isa = PBXFileReference; lastKnownFileType = wrapper.framework; path = CrashReporter.framework; sourceTree = "<group>"; };
		681DB3BC145314CE00DF0849 /* PhotoWheel.entitlements */ = {isa = PBXFileReference; lastKnownFileType = text.xml; path = PhotoWheel.entitlements; sourceTree = "<group>"; };
		681DB3CE1453334600DF0849 /* SlideShowViewController.h */ = {isa = PBXFileReference; fileEncoding = 4; lastKnownFileType = sourcecode.c.h; path = SlideShowViewController.h; sourceTree = "<group>"; };
		681DB3CF1453334600DF0849 /* SlideShowViewController.m */ = {isa = PBXFileReference; fileEncoding = 4; lastKnownFileType = sourcecode.c.objc; path = SlideShowViewController.m; sourceTree = "<group>"; };
		681DB3D21453335D00DF0849 /* MainSlideShowViewController.h */ = {isa = PBXFileReference; fileEncoding = 4; lastKnownFileType = sourcecode.c.h; path = MainSlideShowViewController.h; sourceTree = "<group>"; };
		681DB3D31453335D00DF0849 /* MainSlideShowViewController.m */ = {isa = PBXFileReference; fileEncoding = 4; lastKnownFileType = sourcecode.c.objc; path = MainSlideShowViewController.m; sourceTree = "<group>"; };
		681DB3D514533BEC00DF0849 /* MediaPlayer.framework */ = {isa = PBXFileReference; lastKnownFileType = wrapper.framework; name = MediaPlayer.framework; path = System/Library/Frameworks/MediaPlayer.framework; sourceTree = SDKROOT; };
		681DB40F145374D400DF0849 /* CoreImage.framework */ = {isa = PBXFileReference; lastKnownFileType = wrapper.framework; name = CoreImage.framework; path = System/Library/Frameworks/CoreImage.framework; sourceTree = SDKROOT; };
		682BC4A71434DE4600286C9D /* _Photo.h */ = {isa = PBXFileReference; fileEncoding = 4; lastKnownFileType = sourcecode.c.h; path = _Photo.h; sourceTree = "<group>"; };
		682BC4A81434DE4600286C9D /* _Photo.m */ = {isa = PBXFileReference; fileEncoding = 4; lastKnownFileType = sourcecode.c.objc; path = _Photo.m; sourceTree = "<group>"; };
		682BC4A91434DE4600286C9D /* _PhotoAlbum.h */ = {isa = PBXFileReference; fileEncoding = 4; lastKnownFileType = sourcecode.c.h; path = _PhotoAlbum.h; sourceTree = "<group>"; };
		682BC4AA1434DE4600286C9D /* _PhotoAlbum.m */ = {isa = PBXFileReference; fileEncoding = 4; lastKnownFileType = sourcecode.c.objc; path = _PhotoAlbum.m; sourceTree = "<group>"; };
		682BC4AB1434DE4600286C9D /* Photo.h */ = {isa = PBXFileReference; fileEncoding = 4; lastKnownFileType = sourcecode.c.h; path = Photo.h; sourceTree = "<group>"; };
		682BC4AC1434DE4600286C9D /* Photo.m */ = {isa = PBXFileReference; fileEncoding = 4; lastKnownFileType = sourcecode.c.objc; path = Photo.m; sourceTree = "<group>"; };
		682BC4AD1434DE4600286C9D /* PhotoAlbum.h */ = {isa = PBXFileReference; fileEncoding = 4; lastKnownFileType = sourcecode.c.h; path = PhotoAlbum.h; sourceTree = "<group>"; };
		682BC4AE1434DE4600286C9D /* PhotoAlbum.m */ = {isa = PBXFileReference; fileEncoding = 4; lastKnownFileType = sourcecode.c.objc; path = PhotoAlbum.m; sourceTree = "<group>"; };
		682BC4AF1434DE4600286C9D /* PhotoWheelViewCell.h */ = {isa = PBXFileReference; fileEncoding = 4; lastKnownFileType = sourcecode.c.h; path = PhotoWheelViewCell.h; sourceTree = "<group>"; };
		682BC4B01434DE4600286C9D /* PhotoWheelViewCell.m */ = {isa = PBXFileReference; fileEncoding = 4; lastKnownFileType = sourcecode.c.objc; path = PhotoWheelViewCell.m; sourceTree = "<group>"; };
		682BC4B11434DE4600286C9D /* SpinGestureRecognizer.h */ = {isa = PBXFileReference; fileEncoding = 4; lastKnownFileType = sourcecode.c.h; path = SpinGestureRecognizer.h; sourceTree = "<group>"; };
		682BC4B21434DE4600286C9D /* SpinGestureRecognizer.m */ = {isa = PBXFileReference; fileEncoding = 4; lastKnownFileType = sourcecode.c.objc; path = SpinGestureRecognizer.m; sourceTree = "<group>"; };
		682BC4B31434DE4600286C9D /* WheelView.h */ = {isa = PBXFileReference; fileEncoding = 4; lastKnownFileType = sourcecode.c.h; path = WheelView.h; sourceTree = "<group>"; };
		682BC4B41434DE4600286C9D /* WheelView.m */ = {isa = PBXFileReference; fileEncoding = 4; lastKnownFileType = sourcecode.c.objc; path = WheelView.m; sourceTree = "<group>"; };
		682BC4C51434F0C700286C9D /* ClearToolbar.h */ = {isa = PBXFileReference; fileEncoding = 4; lastKnownFileType = sourcecode.c.h; path = ClearToolbar.h; sourceTree = "<group>"; };
		682BC4C61434F0C700286C9D /* ClearToolbar.m */ = {isa = PBXFileReference; fileEncoding = 4; lastKnownFileType = sourcecode.c.objc; path = ClearToolbar.m; sourceTree = "<group>"; };
		682BC4C81434F28100286C9D /* PhotoWheelViewCell.xib */ = {isa = PBXFileReference; fileEncoding = 4; lastKnownFileType = file.xib; path = PhotoWheelViewCell.xib; sourceTree = "<group>"; };
		682BC4CE14351A9000286C9D /* GridView.h */ = {isa = PBXFileReference; fileEncoding = 4; lastKnownFileType = sourcecode.c.h; path = GridView.h; sourceTree = "<group>"; };
		682BC4CF14351A9000286C9D /* GridView.m */ = {isa = PBXFileReference; fileEncoding = 4; lastKnownFileType = sourcecode.c.objc; path = GridView.m; sourceTree = "<group>"; };
		682BC4D114351EFF00286C9D /* ImageGridViewCell.h */ = {isa = PBXFileReference; fileEncoding = 4; lastKnownFileType = sourcecode.c.h; path = ImageGridViewCell.h; sourceTree = "<group>"; };
		682BC4D214351EFF00286C9D /* ImageGridViewCell.m */ = {isa = PBXFileReference; fileEncoding = 4; lastKnownFileType = sourcecode.c.objc; path = ImageGridViewCell.m; sourceTree = "<group>"; };
		684F03A4152B9E42000CB64A /* Acknowledgements.txt */ = {isa = PBXFileReference; lastKnownFileType = text; path = Acknowledgements.txt; sourceTree = "<group>"; };
		684F03CA152B9F69000CB64A /* QuartzCore.framework */ = {isa = PBXFileReference; lastKnownFileType = wrapper.framework; name = QuartzCore.framework; path = System/Library/Frameworks/QuartzCore.framework; sourceTree = SDKROOT; };
		684F03DF152BAB87000CB64A /* CHANGES.md */ = {isa = PBXFileReference; lastKnownFileType = text; path = CHANGES.md; sourceTree = "<group>"; };
		684F03E0152BAB87000CB64A /* LICENSE */ = {isa = PBXFileReference; lastKnownFileType = text; path = LICENSE; sourceTree = "<group>"; };
		684F03E1152BAB87000CB64A /* README.md */ = {isa = PBXFileReference; lastKnownFileType = text; path = README.md; sourceTree = "<group>"; };
		68529C4013F05B4E00674415 /* AboutViewController.h */ = {isa = PBXFileReference; fileEncoding = 4; lastKnownFileType = sourcecode.c.h; path = AboutViewController.h; sourceTree = "<group>"; };
		68529C4113F05B4E00674415 /* AboutViewController.m */ = {isa = PBXFileReference; fileEncoding = 4; lastKnownFileType = sourcecode.c.objc; path = AboutViewController.m; sourceTree = "<group>"; };
		6856FE1614389AC3003502DB /* MessageUI.framework */ = {isa = PBXFileReference; lastKnownFileType = wrapper.framework; name = MessageUI.framework; path = System/Library/Frameworks/MessageUI.framework; sourceTree = SDKROOT; };
		6856FE1914389B05003502DB /* SendEmailController.h */ = {isa = PBXFileReference; fileEncoding = 4; lastKnownFileType = sourcecode.c.h; path = SendEmailController.h; sourceTree = "<group>"; };
		6856FE1A14389B05003502DB /* SendEmailController.m */ = {isa = PBXFileReference; fileEncoding = 4; lastKnownFileType = sourcecode.c.objc; path = SendEmailController.m; sourceTree = "<group>"; };
		6856FE241438A840003502DB /* FlickrViewController.h */ = {isa = PBXFileReference; fileEncoding = 4; lastKnownFileType = sourcecode.c.h; path = FlickrViewController.h; sourceTree = "<group>"; };
		6856FE251438A840003502DB /* FlickrViewController.m */ = {isa = PBXFileReference; fileEncoding = 4; lastKnownFileType = sourcecode.c.objc; path = FlickrViewController.m; sourceTree = "<group>"; };
		6856FE281438ACED003502DB /* SimpleFlickrAPI.h */ = {isa = PBXFileReference; fileEncoding = 4; lastKnownFileType = sourcecode.c.h; path = SimpleFlickrAPI.h; sourceTree = "<group>"; };
		6856FE291438ACED003502DB /* SimpleFlickrAPI.m */ = {isa = PBXFileReference; fileEncoding = 4; lastKnownFileType = sourcecode.c.objc; path = SimpleFlickrAPI.m; sourceTree = "<group>"; };
		6856FE2B1438AEF7003502DB /* ImageDownloader.h */ = {isa = PBXFileReference; fileEncoding = 4; lastKnownFileType = sourcecode.c.h; path = ImageDownloader.h; sourceTree = "<group>"; };
		6856FE2C1438AEF7003502DB /* ImageDownloader.m */ = {isa = PBXFileReference; fileEncoding = 4; lastKnownFileType = sourcecode.c.objc; path = ImageDownloader.m; sourceTree = "<group>"; };
		6891947C1471645200F6B58E /* PhotoWheelAboutIcon.png */ = {isa = PBXFileReference; lastKnownFileType = image.png; path = PhotoWheelAboutIcon.png; sourceTree = "<group>"; };
		6891948A14716EC300F6B58E /* SystemConfiguration.framework */ = {isa = PBXFileReference; lastKnownFileType = wrapper.framework; name = SystemConfiguration.framework; path = System/Library/Frameworks/SystemConfiguration.framework; sourceTree = SDKROOT; };
		689194961471704100F6B58E /* AppKeys.h */ = {isa = PBXFileReference; fileEncoding = 4; lastKnownFileType = sourcecode.c.h; path = AppKeys.h; sourceTree = "<group>"; };
		689199AE13F5B6530037CBAC /* UIView+PWCategory.h */ = {isa = PBXFileReference; fileEncoding = 4; lastKnownFileType = sourcecode.c.h; path = "UIView+PWCategory.h"; sourceTree = "<group>"; };
		689199AF13F5B6530037CBAC /* UIView+PWCategory.m */ = {isa = PBXFileReference; fileEncoding = 4; lastKnownFileType = sourcecode.c.objc; path = "UIView+PWCategory.m"; sourceTree = "<group>"; };
		689199B113F5BFFA0037CBAC /* CoreGraphics.framework */ = {isa = PBXFileReference; lastKnownFileType = wrapper.framework; name = CoreGraphics.framework; path = System/Library/Frameworks/CoreGraphics.framework; sourceTree = SDKROOT; };
		689199B313F5C8320037CBAC /* CustomNavigationController.h */ = {isa = PBXFileReference; fileEncoding = 4; lastKnownFileType = sourcecode.c.h; path = CustomNavigationController.h; sourceTree = "<group>"; };
		689199B413F5C8320037CBAC /* CustomNavigationController.m */ = {isa = PBXFileReference; fileEncoding = 4; lastKnownFileType = sourcecode.c.objc; path = CustomNavigationController.m; sourceTree = "<group>"; };
		68A156A214379FDE008400B0 /* addphoto.png */ = {isa = PBXFileReference; lastKnownFileType = image.png; path = addphoto.png; sourceTree = "<group>"; };
		68A156A314379FDE008400B0 /* background-landscape-left-grooved.png */ = {isa = PBXFileReference; lastKnownFileType = image.png; path = "background-landscape-left-grooved.png"; sourceTree = "<group>"; };
		68A156A414379FDE008400B0 /* background-landscape-right-grooved.png */ = {isa = PBXFileReference; lastKnownFileType = image.png; path = "background-landscape-right-grooved.png"; sourceTree = "<group>"; };
		68A156A514379FDE008400B0 /* background-portrait-grooved.png */ = {isa = PBXFileReference; lastKnownFileType = image.png; path = "background-portrait-grooved.png"; sourceTree = "<group>"; };
		68A156A614379FDE008400B0 /* buttonNext.png */ = {isa = PBXFileReference; lastKnownFileType = image.png; path = buttonNext.png; sourceTree = "<group>"; };
		68A156A714379FDE008400B0 /* buttonPrevious.png */ = {isa = PBXFileReference; lastKnownFileType = image.png; path = buttonPrevious.png; sourceTree = "<group>"; };
		68A156A814379FDE008400B0 /* defaultPhoto.png */ = {isa = PBXFileReference; lastKnownFileType = image.png; path = defaultPhoto.png; sourceTree = "<group>"; };
		68A156A914379FDE008400B0 /* Icon.png */ = {isa = PBXFileReference; lastKnownFileType = image.png; path = Icon.png; sourceTree = "<group>"; };
		68A156AA14379FDE008400B0 /* Icon@2x.png */ = {isa = PBXFileReference; lastKnownFileType = image.png; path = "Icon@2x.png"; sourceTree = "<group>"; };
		68A156AB14379FDE008400B0 /* Icon72x72.png */ = {isa = PBXFileReference; lastKnownFileType = image.png; path = Icon72x72.png; sourceTree = "<group>"; };
		68A156AC14379FDE008400B0 /* IconSmall-50x50.png */ = {isa = PBXFileReference; lastKnownFileType = image.png; path = "IconSmall-50x50.png"; sourceTree = "<group>"; };
		68A156AD14379FDE008400B0 /* IconSmall.png */ = {isa = PBXFileReference; lastKnownFileType = image.png; path = IconSmall.png; sourceTree = "<group>"; };
		68A156AE14379FDE008400B0 /* IconSmall@2x.png */ = {isa = PBXFileReference; lastKnownFileType = image.png; path = "IconSmall@2x.png"; sourceTree = "<group>"; };
		68A156AF14379FDE008400B0 /* iTunesArtwork */ = {isa = PBXFileReference; lastKnownFileType = file; path = iTunesArtwork; sourceTree = "<group>"; };
		68A156B114379FDE008400B0 /* Default.png */ = {isa = PBXFileReference; lastKnownFileType = image.png; path = Default.png; sourceTree = "<group>"; };
		68A156B214379FDE008400B0 /* stack-add-down.png */ = {isa = PBXFileReference; lastKnownFileType = image.png; path = "stack-add-down.png"; sourceTree = "<group>"; };
		68A156B314379FDE008400B0 /* stack-add.png */ = {isa = PBXFileReference; lastKnownFileType = image.png; path = "stack-add.png"; sourceTree = "<group>"; };
		68A156B414379FDE008400B0 /* stack-bg.png */ = {isa = PBXFileReference; lastKnownFileType = image.png; path = "stack-bg.png"; sourceTree = "<group>"; };
		68A156B514379FDE008400B0 /* stack-overlay.png */ = {isa = PBXFileReference; lastKnownFileType = image.png; path = "stack-overlay.png"; sourceTree = "<group>"; };
		68A156B614379FDE008400B0 /* stack-viewer-bg-landscape-left.png */ = {isa = PBXFileReference; lastKnownFileType = image.png; path = "stack-viewer-bg-landscape-left.png"; sourceTree = "<group>"; };
		68A156B714379FDE008400B0 /* stack-viewer-bg-landscape-right.png */ = {isa = PBXFileReference; lastKnownFileType = image.png; path = "stack-viewer-bg-landscape-right.png"; sourceTree = "<group>"; };
		68A156B814379FDE008400B0 /* stack-viewer-bg-portrait.png */ = {isa = PBXFileReference; lastKnownFileType = image.png; path = "stack-viewer-bg-portrait.png"; sourceTree = "<group>"; };
		68A156B914379FDE008400B0 /* stack-viewer-shadow.png */ = {isa = PBXFileReference; lastKnownFileType = image.png; path = "stack-viewer-shadow.png"; sourceTree = "<group>"; };
		68C8C6BE1437725C00480F4E /* PhotoBrowserViewController.h */ = {isa = PBXFileReference; fileEncoding = 4; lastKnownFileType = sourcecode.c.h; path = PhotoBrowserViewController.h; sourceTree = "<group>"; };
		68C8C6BF1437725C00480F4E /* PhotoBrowserViewController.m */ = {isa = PBXFileReference; fileEncoding = 4; lastKnownFileType = sourcecode.c.objc; path = PhotoBrowserViewController.m; sourceTree = "<group>"; };
		68C8C6C214377AF900480F4E /* PhotoBrowserPhotoView.h */ = {isa = PBXFileReference; fileEncoding = 4; lastKnownFileType = sourcecode.c.h; path = PhotoBrowserPhotoView.h; sourceTree = "<group>"; };
		68C8C6C314377AF900480F4E /* PhotoBrowserPhotoView.m */ = {isa = PBXFileReference; fileEncoding = 4; lastKnownFileType = sourcecode.c.objc; path = PhotoBrowserPhotoView.m; sourceTree = "<group>"; };
		68DC3F9E13F59EB400C1E402 /* CustomPushSegue.h */ = {isa = PBXFileReference; fileEncoding = 4; lastKnownFileType = sourcecode.c.h; path = CustomPushSegue.h; sourceTree = "<group>"; };
		68DC3F9F13F59EB400C1E402 /* CustomPushSegue.m */ = {isa = PBXFileReference; fileEncoding = 4; lastKnownFileType = sourcecode.c.objc; path = CustomPushSegue.m; sourceTree = "<group>"; };
		68F32AC414530D9900D477DF /* Default-Landscape.png */ = {isa = PBXFileReference; lastKnownFileType = image.png; path = "Default-Landscape.png"; sourceTree = "<group>"; };
		68F5ED6A13F6CAF30006732C /* MainViewController.h */ = {isa = PBXFileReference; fileEncoding = 4; lastKnownFileType = sourcecode.c.h; path = MainViewController.h; sourceTree = "<group>"; };
		68F5ED6B13F6CAF30006732C /* MainViewController.m */ = {isa = PBXFileReference; fileEncoding = 4; lastKnownFileType = sourcecode.c.objc; path = MainViewController.m; sourceTree = "<group>"; };
		68F5ED6E13F6CB020006732C /* PhotoAlbumViewController.h */ = {isa = PBXFileReference; fileEncoding = 4; lastKnownFileType = sourcecode.c.h; path = PhotoAlbumViewController.h; sourceTree = "<group>"; };
		68F5ED6F13F6CB020006732C /* PhotoAlbumViewController.m */ = {isa = PBXFileReference; fileEncoding = 4; lastKnownFileType = sourcecode.c.objc; path = PhotoAlbumViewController.m; sourceTree = "<group>"; };
		68F5ED7113F6CB100006732C /* PhotoAlbumsViewController.h */ = {isa = PBXFileReference; fileEncoding = 4; lastKnownFileType = sourcecode.c.h; path = PhotoAlbumsViewController.h; sourceTree = "<group>"; };
		68F5ED7213F6CB100006732C /* PhotoAlbumsViewController.m */ = {isa = PBXFileReference; fileEncoding = 4; lastKnownFileType = sourcecode.c.objc; path = PhotoAlbumsViewController.m; sourceTree = "<group>"; };
		68FA6AD113EEF3BB00E046BD /* PhotoWheel.app */ = {isa = PBXFileReference; explicitFileType = wrapper.application; includeInIndex = 0; path = PhotoWheel.app; sourceTree = BUILT_PRODUCTS_DIR; };
		68FA6AD513EEF3BB00E046BD /* UIKit.framework */ = {isa = PBXFileReference; lastKnownFileType = wrapper.framework; name = UIKit.framework; path = System/Library/Frameworks/UIKit.framework; sourceTree = SDKROOT; };
		68FA6AD713EEF3BB00E046BD /* Foundation.framework */ = {isa = PBXFileReference; lastKnownFileType = wrapper.framework; name = Foundation.framework; path = System/Library/Frameworks/Foundation.framework; sourceTree = SDKROOT; };
		68FA6AD913EEF3BB00E046BD /* CoreData.framework */ = {isa = PBXFileReference; lastKnownFileType = wrapper.framework; name = CoreData.framework; path = System/Library/Frameworks/CoreData.framework; sourceTree = SDKROOT; };
		68FA6ADD13EEF3BB00E046BD /* PhotoWheel-Info.plist */ = {isa = PBXFileReference; lastKnownFileType = text.plist.xml; path = "PhotoWheel-Info.plist"; sourceTree = "<group>"; };
		68FA6ADF13EEF3BB00E046BD /* en */ = {isa = PBXFileReference; lastKnownFileType = text.plist.strings; name = en; path = en.lproj/InfoPlist.strings; sourceTree = "<group>"; };
		68FA6AE113EEF3BB00E046BD /* main.m */ = {isa = PBXFileReference; lastKnownFileType = sourcecode.c.objc; path = main.m; sourceTree = "<group>"; };
		68FA6AE313EEF3BB00E046BD /* PhotoWheel-Prefix.pch */ = {isa = PBXFileReference; lastKnownFileType = sourcecode.c.h; path = "PhotoWheel-Prefix.pch"; sourceTree = "<group>"; };
		68FA6AE413EEF3BB00E046BD /* AppDelegate.h */ = {isa = PBXFileReference; lastKnownFileType = sourcecode.c.h; path = AppDelegate.h; sourceTree = "<group>"; };
		68FA6AE513EEF3BB00E046BD /* AppDelegate.m */ = {isa = PBXFileReference; lastKnownFileType = sourcecode.c.objc; path = AppDelegate.m; sourceTree = "<group>"; };
		68FA6AE813EEF3BB00E046BD /* PhotoWheel.xcdatamodel */ = {isa = PBXFileReference; lastKnownFileType = wrapper.xcdatamodel; path = PhotoWheel.xcdatamodel; sourceTree = "<group>"; };
		68FA6B3613EF12B900E046BD /* MainStoryboard.storyboard */ = {isa = PBXFileReference; lastKnownFileType = file.storyboard; path = MainStoryboard.storyboard; sourceTree = "<group>"; };
/* End PBXFileReference section */

/* Begin PBXFrameworksBuildPhase section */
		68FA6ACE13EEF3BB00E046BD /* Frameworks */ = {
			isa = PBXFrameworksBuildPhase;
			buildActionMask = 2147483647;
			files = (
				684F03CB152B9F69000CB64A /* QuartzCore.framework in Frameworks */,
				6891948B14716EC300F6B58E /* SystemConfiguration.framework in Frameworks */,
				681DB410145374D400DF0849 /* CoreImage.framework in Frameworks */,
				681DB3D614533BEC00DF0849 /* MediaPlayer.framework in Frameworks */,
				6856FE1714389AC3003502DB /* MessageUI.framework in Frameworks */,
				689199B213F5BFFA0037CBAC /* CoreGraphics.framework in Frameworks */,
				68FA6AD613EEF3BB00E046BD /* UIKit.framework in Frameworks */,
				68FA6AD813EEF3BB00E046BD /* Foundation.framework in Frameworks */,
				68FA6ADA13EEF3BB00E046BD /* CoreData.framework in Frameworks */,
				6802A380152BD7F50048C2A0 /* CrashReporter.framework in Frameworks */,
			);
			runOnlyForDeploymentPostprocessing = 0;
		};
/* End PBXFrameworksBuildPhase section */

/* Begin PBXGroup section */
		6802A345152BD7F50048C2A0 /* HockeySDK */ = {
			isa = PBXGroup;
			children = (
				6802A346152BD7F50048C2A0 /* Classes */,
				6802A360152BD7F50048C2A0 /* HockeySDK.podspec */,
				6802A361152BD7F50048C2A0 /* LICENSE.txt */,
				6802A362152BD7F50048C2A0 /* README.md */,
				6802A363152BD7F50048C2A0 /* Resources */,
				6802A366152BD7F50048C2A0 /* Support */,
				6802A36A152BD7F50048C2A0 /* Vendor */,
			);
			path = HockeySDK;
			sourceTree = "<group>";
		};
		6802A346152BD7F50048C2A0 /* Classes */ = {
			isa = PBXGroup;
			children = (
				6802A347152BD7F50048C2A0 /* BWApp.h */,
				6802A348152BD7F50048C2A0 /* BWApp.m */,
				6802A349152BD7F50048C2A0 /* BWGlobal.h */,
				6802A34A152BD7F50048C2A0 /* BWGlobal.m */,
				6802A34B152BD7F50048C2A0 /* BWHockeyManager.h */,
				6802A34C152BD7F50048C2A0 /* BWHockeyManager.m */,
				6802A34D152BD7F50048C2A0 /* BWHockeySettingsViewController.h */,
				6802A34E152BD7F50048C2A0 /* BWHockeySettingsViewController.m */,
				6802A34F152BD7F50048C2A0 /* BWHockeyViewController.h */,
				6802A350152BD7F50048C2A0 /* BWHockeyViewController.m */,
				6802A351152BD7F50048C2A0 /* BWQuincyManager.h */,
				6802A352152BD7F50048C2A0 /* BWQuincyManager.m */,
				6802A353152BD7F50048C2A0 /* CNSFixCategoryBug.h */,
				6802A354152BD7F50048C2A0 /* CNSHockeyManager.h */,
				6802A355152BD7F50048C2A0 /* CNSHockeyManager.m */,
				6802A356152BD7F50048C2A0 /* NSString+HockeyAdditions.h */,
				6802A357152BD7F50048C2A0 /* NSString+HockeyAdditions.m */,
				6802A358152BD7F50048C2A0 /* PSAppStoreHeader.h */,
				6802A359152BD7F50048C2A0 /* PSAppStoreHeader.m */,
				6802A35A152BD7F50048C2A0 /* PSStoreButton.h */,
				6802A35B152BD7F50048C2A0 /* PSStoreButton.m */,
				6802A35C152BD7F50048C2A0 /* PSWebTableViewCell.h */,
				6802A35D152BD7F50048C2A0 /* PSWebTableViewCell.m */,
				6802A35E152BD7F50048C2A0 /* UIImage+HockeyAdditions.h */,
				6802A35F152BD7F50048C2A0 /* UIImage+HockeyAdditions.m */,
			);
			path = Classes;
			sourceTree = "<group>";
		};
		6802A363152BD7F50048C2A0 /* Resources */ = {
			isa = PBXGroup;
			children = (
				6802A364152BD7F50048C2A0 /* Hockey.bundle */,
				6802A365152BD7F50048C2A0 /* Quincy.bundle */,
			);
			path = Resources;
			sourceTree = "<group>";
		};
		6802A366152BD7F50048C2A0 /* Support */ = {
			isa = PBXGroup;
			children = (
			);
			path = Support;
			sourceTree = "<group>";
		};
		6802A36A152BD7F50048C2A0 /* Vendor */ = {
			isa = PBXGroup;
			children = (
				6802A36B152BD7F50048C2A0 /* CrashReporter.framework */,
			);
			path = Vendor;
			sourceTree = "<group>";
		};
		6891948914716E9800F6B58E /* AdditionalLibraries */ = {
			isa = PBXGroup;
			children = (
				684F03A4152B9E42000CB64A /* Acknowledgements.txt */,
				6802A345152BD7F50048C2A0 /* HockeySDK */,
			);
			path = AdditionalLibraries;
			sourceTree = "<group>";
		};
		68D4449D13EF21290076949E /* images */ = {
			isa = PBXGroup;
			children = (
				68A156A214379FDE008400B0 /* addphoto.png */,
				68A156A314379FDE008400B0 /* background-landscape-left-grooved.png */,
				68A156A414379FDE008400B0 /* background-landscape-right-grooved.png */,
				68A156A514379FDE008400B0 /* background-portrait-grooved.png */,
				68A156A614379FDE008400B0 /* buttonNext.png */,
				68A156A714379FDE008400B0 /* buttonPrevious.png */,
				68A156A814379FDE008400B0 /* defaultPhoto.png */,
				68A156A914379FDE008400B0 /* Icon.png */,
				68A156AA14379FDE008400B0 /* Icon@2x.png */,
				68A156AB14379FDE008400B0 /* Icon72x72.png */,
				68A156AC14379FDE008400B0 /* IconSmall-50x50.png */,
				68A156AD14379FDE008400B0 /* IconSmall.png */,
				68A156AE14379FDE008400B0 /* IconSmall@2x.png */,
				68A156AF14379FDE008400B0 /* iTunesArtwork */,
				68F32AC414530D9900D477DF /* Default-Landscape.png */,
				68A156B114379FDE008400B0 /* Default.png */,
				6891947C1471645200F6B58E /* PhotoWheelAboutIcon.png */,
				68A156B214379FDE008400B0 /* stack-add-down.png */,
				68A156B314379FDE008400B0 /* stack-add.png */,
				68A156B414379FDE008400B0 /* stack-bg.png */,
				68A156B514379FDE008400B0 /* stack-overlay.png */,
				68A156B614379FDE008400B0 /* stack-viewer-bg-landscape-left.png */,
				68A156B714379FDE008400B0 /* stack-viewer-bg-landscape-right.png */,
				68A156B814379FDE008400B0 /* stack-viewer-bg-portrait.png */,
				68A156B914379FDE008400B0 /* stack-viewer-shadow.png */,
			);
			path = images;
			sourceTree = "<group>";
		};
		68FA6AC613EEF3BA00E046BD = {
			isa = PBXGroup;
			children = (
				684F03DF152BAB87000CB64A /* CHANGES.md */,
				684F03E0152BAB87000CB64A /* LICENSE */,
				684F03E1152BAB87000CB64A /* README.md */,
				68FA6ADB13EEF3BB00E046BD /* PhotoWheel */,
				68FA6AD413EEF3BB00E046BD /* Frameworks */,
				68FA6AD213EEF3BB00E046BD /* Products */,
			);
			sourceTree = "<group>";
		};
		68FA6AD213EEF3BB00E046BD /* Products */ = {
			isa = PBXGroup;
			children = (
				68FA6AD113EEF3BB00E046BD /* PhotoWheel.app */,
			);
			name = Products;
			sourceTree = "<group>";
		};
		68FA6AD413EEF3BB00E046BD /* Frameworks */ = {
			isa = PBXGroup;
			children = (
				684F03CA152B9F69000CB64A /* QuartzCore.framework */,
				6891948A14716EC300F6B58E /* SystemConfiguration.framework */,
				681DB3D514533BEC00DF0849 /* MediaPlayer.framework */,
				681DB40F145374D400DF0849 /* CoreImage.framework */,
				6856FE1614389AC3003502DB /* MessageUI.framework */,
				689199B113F5BFFA0037CBAC /* CoreGraphics.framework */,
				68FA6AD513EEF3BB00E046BD /* UIKit.framework */,
				68FA6AD713EEF3BB00E046BD /* Foundation.framework */,
				68FA6AD913EEF3BB00E046BD /* CoreData.framework */,
			);
			name = Frameworks;
			sourceTree = "<group>";
		};
		68FA6ADB13EEF3BB00E046BD /* PhotoWheel */ = {
			isa = PBXGroup;
			children = (
				681DB3BC145314CE00DF0849 /* PhotoWheel.entitlements */,
				68FA6AE413EEF3BB00E046BD /* AppDelegate.h */,
				68FA6AE513EEF3BB00E046BD /* AppDelegate.m */,
				689194961471704100F6B58E /* AppKeys.h */,
				68FA6AE713EEF3BB00E046BD /* PhotoWheel.xcdatamodeld */,
				68FA6B3613EF12B900E046BD /* MainStoryboard.storyboard */,
				68529C4013F05B4E00674415 /* AboutViewController.h */,
				68529C4113F05B4E00674415 /* AboutViewController.m */,
				68DC3F9E13F59EB400C1E402 /* CustomPushSegue.h */,
				68DC3F9F13F59EB400C1E402 /* CustomPushSegue.m */,
				689199AE13F5B6530037CBAC /* UIView+PWCategory.h */,
				689199AF13F5B6530037CBAC /* UIView+PWCategory.m */,
				689199B313F5C8320037CBAC /* CustomNavigationController.h */,
				689199B413F5C8320037CBAC /* CustomNavigationController.m */,
				68F5ED6A13F6CAF30006732C /* MainViewController.h */,
				68F5ED6B13F6CAF30006732C /* MainViewController.m */,
				68F5ED6E13F6CB020006732C /* PhotoAlbumViewController.h */,
				68F5ED6F13F6CB020006732C /* PhotoAlbumViewController.m */,
				68F5ED7113F6CB100006732C /* PhotoAlbumsViewController.h */,
				68F5ED7213F6CB100006732C /* PhotoAlbumsViewController.m */,
				682BC4A71434DE4600286C9D /* _Photo.h */,
				682BC4A81434DE4600286C9D /* _Photo.m */,
				682BC4A91434DE4600286C9D /* _PhotoAlbum.h */,
				682BC4AA1434DE4600286C9D /* _PhotoAlbum.m */,
				682BC4AB1434DE4600286C9D /* Photo.h */,
				682BC4AC1434DE4600286C9D /* Photo.m */,
				682BC4AD1434DE4600286C9D /* PhotoAlbum.h */,
				682BC4AE1434DE4600286C9D /* PhotoAlbum.m */,
				682BC4AF1434DE4600286C9D /* PhotoWheelViewCell.h */,
				682BC4B01434DE4600286C9D /* PhotoWheelViewCell.m */,
				682BC4C81434F28100286C9D /* PhotoWheelViewCell.xib */,
				682BC4B11434DE4600286C9D /* SpinGestureRecognizer.h */,
				682BC4B21434DE4600286C9D /* SpinGestureRecognizer.m */,
				682BC4B31434DE4600286C9D /* WheelView.h */,
				682BC4B41434DE4600286C9D /* WheelView.m */,
				682BC4C51434F0C700286C9D /* ClearToolbar.h */,
				682BC4C61434F0C700286C9D /* ClearToolbar.m */,
				682BC4CE14351A9000286C9D /* GridView.h */,
				682BC4CF14351A9000286C9D /* GridView.m */,
				682BC4D114351EFF00286C9D /* ImageGridViewCell.h */,
				682BC4D214351EFF00286C9D /* ImageGridViewCell.m */,
				68C8C6BE1437725C00480F4E /* PhotoBrowserViewController.h */,
				68C8C6BF1437725C00480F4E /* PhotoBrowserViewController.m */,
				68C8C6C214377AF900480F4E /* PhotoBrowserPhotoView.h */,
				68C8C6C314377AF900480F4E /* PhotoBrowserPhotoView.m */,
				6856FE1914389B05003502DB /* SendEmailController.h */,
				6856FE1A14389B05003502DB /* SendEmailController.m */,
				6856FE241438A840003502DB /* FlickrViewController.h */,
				6856FE251438A840003502DB /* FlickrViewController.m */,
				6856FE281438ACED003502DB /* SimpleFlickrAPI.h */,
				6856FE291438ACED003502DB /* SimpleFlickrAPI.m */,
				6856FE2B1438AEF7003502DB /* ImageDownloader.h */,
				6856FE2C1438AEF7003502DB /* ImageDownloader.m */,
				681DB3CE1453334600DF0849 /* SlideShowViewController.h */,
				681DB3CF1453334600DF0849 /* SlideShowViewController.m */,
				681DB3D21453335D00DF0849 /* MainSlideShowViewController.h */,
				681DB3D31453335D00DF0849 /* MainSlideShowViewController.m */,
				68D4449D13EF21290076949E /* images */,
				68FA6ADC13EEF3BB00E046BD /* Supporting Files */,
				6891948914716E9800F6B58E /* AdditionalLibraries */,
			);
			path = PhotoWheel;
			sourceTree = "<group>";
		};
		68FA6ADC13EEF3BB00E046BD /* Supporting Files */ = {
			isa = PBXGroup;
			children = (
				68FA6ADD13EEF3BB00E046BD /* PhotoWheel-Info.plist */,
				68FA6ADE13EEF3BB00E046BD /* InfoPlist.strings */,
				68FA6AE113EEF3BB00E046BD /* main.m */,
				68FA6AE313EEF3BB00E046BD /* PhotoWheel-Prefix.pch */,
			);
			name = "Supporting Files";
			sourceTree = "<group>";
		};
/* End PBXGroup section */

/* Begin PBXNativeTarget section */
		68FA6AD013EEF3BB00E046BD /* PhotoWheel */ = {
			isa = PBXNativeTarget;
			buildConfigurationList = 68FA6AEC13EEF3BB00E046BD /* Build configuration list for PBXNativeTarget "PhotoWheel" */;
			buildPhases = (
				68FA6ACD13EEF3BB00E046BD /* Sources */,
				68FA6ACE13EEF3BB00E046BD /* Frameworks */,
				68FA6ACF13EEF3BB00E046BD /* Resources */,
			);
			buildRules = (
			);
			dependencies = (
			);
			name = PhotoWheel;
			productName = PhotoWheel;
			productReference = 68FA6AD113EEF3BB00E046BD /* PhotoWheel.app */;
			productType = "com.apple.product-type.application";
		};
/* End PBXNativeTarget section */

/* Begin PBXProject section */
		68FA6AC813EEF3BA00E046BD /* Project object */ = {
			isa = PBXProject;
			attributes = {
				LastUpgradeCheck = 0430;
				ORGANIZATIONNAME = "White Peak Software Inc.";
			};
			buildConfigurationList = 68FA6ACB13EEF3BA00E046BD /* Build configuration list for PBXProject "PhotoWheel" */;
			compatibilityVersion = "Xcode 3.2";
			developmentRegion = English;
			hasScannedForEncodings = 0;
			knownRegions = (
				en,
			);
			mainGroup = 68FA6AC613EEF3BA00E046BD;
			productRefGroup = 68FA6AD213EEF3BB00E046BD /* Products */;
			projectDirPath = "";
			projectRoot = "";
			targets = (
				68FA6AD013EEF3BB00E046BD /* PhotoWheel */,
			);
		};
/* End PBXProject section */

/* Begin PBXResourcesBuildPhase section */
		68FA6ACF13EEF3BB00E046BD /* Resources */ = {
			isa = PBXResourcesBuildPhase;
			buildActionMask = 2147483647;
			files = (
				68FA6AE013EEF3BB00E046BD /* InfoPlist.strings in Resources */,
				68FA6B3713EF12B900E046BD /* MainStoryboard.storyboard in Resources */,
				682BC4C91434F28200286C9D /* PhotoWheelViewCell.xib in Resources */,
				68A156BA14379FDE008400B0 /* addphoto.png in Resources */,
				68A156BB14379FDE008400B0 /* background-landscape-left-grooved.png in Resources */,
				68A156BC14379FDE008400B0 /* background-landscape-right-grooved.png in Resources */,
				68A156BD14379FDE008400B0 /* background-portrait-grooved.png in Resources */,
				68A156BE14379FDE008400B0 /* buttonNext.png in Resources */,
				68A156BF14379FDE008400B0 /* buttonPrevious.png in Resources */,
				68A156C014379FDE008400B0 /* defaultPhoto.png in Resources */,
				68A156C114379FDE008400B0 /* Icon.png in Resources */,
				68A156C214379FDE008400B0 /* Icon@2x.png in Resources */,
				68A156C314379FDE008400B0 /* Icon72x72.png in Resources */,
				68A156C414379FDE008400B0 /* IconSmall-50x50.png in Resources */,
				68A156C514379FDE008400B0 /* IconSmall.png in Resources */,
				68A156C614379FDE008400B0 /* IconSmall@2x.png in Resources */,
				68A156C714379FDE008400B0 /* iTunesArtwork in Resources */,
				68A156C914379FDE008400B0 /* Default.png in Resources */,
				68A156CA14379FDE008400B0 /* stack-add-down.png in Resources */,
				68A156CB14379FDE008400B0 /* stack-add.png in Resources */,
				68A156CC14379FDE008400B0 /* stack-bg.png in Resources */,
				68A156CD14379FDE008400B0 /* stack-overlay.png in Resources */,
				68A156CE14379FDE008400B0 /* stack-viewer-bg-landscape-left.png in Resources */,
				68A156CF14379FDE008400B0 /* stack-viewer-bg-landscape-right.png in Resources */,
				68A156D014379FDE008400B0 /* stack-viewer-bg-portrait.png in Resources */,
				68A156D114379FDE008400B0 /* stack-viewer-shadow.png in Resources */,
				68F32AC514530D9900D477DF /* Default-Landscape.png in Resources */,
				6891947D1471645200F6B58E /* PhotoWheelAboutIcon.png in Resources */,
				6802A37B152BD7F50048C2A0 /* HockeySDK.podspec in Resources */,
				6802A37C152BD7F50048C2A0 /* LICENSE.txt in Resources */,
				6802A37D152BD7F50048C2A0 /* README.md in Resources */,
				6802A37E152BD7F50048C2A0 /* Hockey.bundle in Resources */,
				6802A37F152BD7F50048C2A0 /* Quincy.bundle in Resources */,
			);
			runOnlyForDeploymentPostprocessing = 0;
		};
/* End PBXResourcesBuildPhase section */

/* Begin PBXSourcesBuildPhase section */
		68FA6ACD13EEF3BB00E046BD /* Sources */ = {
			isa = PBXSourcesBuildPhase;
			buildActionMask = 2147483647;
			files = (
				68FA6AE213EEF3BB00E046BD /* main.m in Sources */,
				68FA6AE613EEF3BB00E046BD /* AppDelegate.m in Sources */,
				68FA6AE913EEF3BB00E046BD /* PhotoWheel.xcdatamodeld in Sources */,
				68529C4213F05B4E00674415 /* AboutViewController.m in Sources */,
				68DC3FA013F59EB400C1E402 /* CustomPushSegue.m in Sources */,
				689199B013F5B6530037CBAC /* UIView+PWCategory.m in Sources */,
				689199B513F5C8320037CBAC /* CustomNavigationController.m in Sources */,
				68F5ED6C13F6CAF30006732C /* MainViewController.m in Sources */,
				68F5ED7013F6CB020006732C /* PhotoAlbumViewController.m in Sources */,
				68F5ED7313F6CB100006732C /* PhotoAlbumsViewController.m in Sources */,
				682BC4B51434DE4600286C9D /* _Photo.m in Sources */,
				682BC4B61434DE4600286C9D /* _PhotoAlbum.m in Sources */,
				682BC4B71434DE4600286C9D /* Photo.m in Sources */,
				682BC4B81434DE4600286C9D /* PhotoAlbum.m in Sources */,
				682BC4B91434DE4600286C9D /* PhotoWheelViewCell.m in Sources */,
				682BC4BA1434DE4600286C9D /* SpinGestureRecognizer.m in Sources */,
				682BC4BB1434DE4600286C9D /* WheelView.m in Sources */,
				682BC4C71434F0C800286C9D /* ClearToolbar.m in Sources */,
				682BC4D014351A9100286C9D /* GridView.m in Sources */,
				682BC4D314351EFF00286C9D /* ImageGridViewCell.m in Sources */,
				68C8C6C01437725C00480F4E /* PhotoBrowserViewController.m in Sources */,
				68C8C6C414377AF900480F4E /* PhotoBrowserPhotoView.m in Sources */,
				6856FE1B14389B05003502DB /* SendEmailController.m in Sources */,
				6856FE261438A840003502DB /* FlickrViewController.m in Sources */,
				6856FE2A1438ACED003502DB /* SimpleFlickrAPI.m in Sources */,
				6856FE2D1438AEF7003502DB /* ImageDownloader.m in Sources */,
				681DB3D01453334600DF0849 /* SlideShowViewController.m in Sources */,
				681DB3D41453335D00DF0849 /* MainSlideShowViewController.m in Sources */,
				6802A36F152BD7F50048C2A0 /* BWApp.m in Sources */,
				6802A370152BD7F50048C2A0 /* BWGlobal.m in Sources */,
				6802A371152BD7F50048C2A0 /* BWHockeyManager.m in Sources */,
				6802A372152BD7F50048C2A0 /* BWHockeySettingsViewController.m in Sources */,
				6802A373152BD7F50048C2A0 /* BWHockeyViewController.m in Sources */,
				6802A374152BD7F50048C2A0 /* BWQuincyManager.m in Sources */,
				6802A375152BD7F50048C2A0 /* CNSHockeyManager.m in Sources */,
				6802A376152BD7F50048C2A0 /* NSString+HockeyAdditions.m in Sources */,
				6802A377152BD7F50048C2A0 /* PSAppStoreHeader.m in Sources */,
				6802A378152BD7F50048C2A0 /* PSStoreButton.m in Sources */,
				6802A379152BD7F50048C2A0 /* PSWebTableViewCell.m in Sources */,
				6802A37A152BD7F50048C2A0 /* UIImage+HockeyAdditions.m in Sources */,
			);
			runOnlyForDeploymentPostprocessing = 0;
		};
/* End PBXSourcesBuildPhase section */

/* Begin PBXVariantGroup section */
		68FA6ADE13EEF3BB00E046BD /* InfoPlist.strings */ = {
			isa = PBXVariantGroup;
			children = (
				68FA6ADF13EEF3BB00E046BD /* en */,
			);
			name = InfoPlist.strings;
			sourceTree = "<group>";
		};
/* End PBXVariantGroup section */

/* Begin XCBuildConfiguration section */
		684F03CE152BA1D5000CB64A /* AppStore */ = {
			isa = XCBuildConfiguration;
			buildSettings = {
				ALWAYS_SEARCH_USER_PATHS = NO;
				ARCHS = "$(ARCHS_STANDARD_32_BIT)";
				CLANG_ENABLE_OBJC_ARC = YES;
				"CODE_SIGN_IDENTITY[sdk=iphoneos*]" = "iPhone Developer";
				COPY_PHASE_STRIP = YES;
				GCC_C_LANGUAGE_STANDARD = gnu99;
				GCC_VERSION = com.apple.compilers.llvm.clang.1_0;
				GCC_WARN_ABOUT_MISSING_PROTOTYPES = YES;
				GCC_WARN_ABOUT_RETURN_TYPE = YES;
				GCC_WARN_UNUSED_VARIABLE = YES;
				IPHONEOS_DEPLOYMENT_TARGET = 5.0;
				OTHER_CFLAGS = "-DNS_BLOCK_ASSERTIONS=1";
				SDKROOT = iphoneos;
				TARGETED_DEVICE_FAMILY = 2;
				VALIDATE_PRODUCT = YES;
			};
			name = AppStore;
		};
		684F03CF152BA1D5000CB64A /* AppStore */ = {
			isa = XCBuildConfiguration;
			buildSettings = {
				BUNDLE_DISPLAY_NAME = PhotoWheel;
				BUNDLE_IDENTIFIER = com.whitepeaksoftware.PhotoWheel;
				CODE_SIGN_ENTITLEMENTS = PhotoWheel/PhotoWheel.entitlements;
				FRAMEWORK_SEARCH_PATHS = (
					"$(inherited)",
					"\"$(SRCROOT)/PhotoWheel/AdditionalLibraries/HockeySDK/Vendor\"",
				);
				GCC_PRECOMPILE_PREFIX_HEADER = YES;
				GCC_PREFIX_HEADER = "PhotoWheel/PhotoWheel-Prefix.pch";
				GCC_PREPROCESSOR_DEFINITIONS = "CONFIGURATION_$(CONFIGURATION)";
				INFOPLIST_FILE = "PhotoWheel/PhotoWheel-Info.plist";
				PRODUCT_NAME = "$(TARGET_NAME)";
				WRAPPER_EXTENSION = app;
			};
			name = AppStore;
		};
		684F03D0152BA1F7000CB64A /* Beta */ = {
			isa = XCBuildConfiguration;
			buildSettings = {
				ALWAYS_SEARCH_USER_PATHS = NO;
				ARCHS = "$(ARCHS_STANDARD_32_BIT)";
				CLANG_ENABLE_OBJC_ARC = YES;
				"CODE_SIGN_IDENTITY[sdk=iphoneos*]" = "iPhone Developer";
				COPY_PHASE_STRIP = YES;
				GCC_C_LANGUAGE_STANDARD = gnu99;
				GCC_VERSION = com.apple.compilers.llvm.clang.1_0;
				GCC_WARN_ABOUT_MISSING_PROTOTYPES = YES;
				GCC_WARN_ABOUT_RETURN_TYPE = YES;
				GCC_WARN_UNUSED_VARIABLE = YES;
				IPHONEOS_DEPLOYMENT_TARGET = 5.0;
				OTHER_CFLAGS = "-DNS_BLOCK_ASSERTIONS=1";
				SDKROOT = iphoneos;
				TARGETED_DEVICE_FAMILY = 2;
				VALIDATE_PRODUCT = YES;
			};
			name = Beta;
		};
		684F03D1152BA1F7000CB64A /* Beta */ = {
			isa = XCBuildConfiguration;
			buildSettings = {
				BUNDLE_DISPLAY_NAME = "PhotoWheel Beta";
				BUNDLE_IDENTIFIER = com.whitepeaksoftware.PhotoWheel.beta;
				CODE_SIGN_ENTITLEMENTS = PhotoWheel/PhotoWheel.entitlements;
				FRAMEWORK_SEARCH_PATHS = (
					"$(inherited)",
					"\"$(SRCROOT)/PhotoWheel/AdditionalLibraries/HockeySDK/Vendor\"",
				);
				GCC_PRECOMPILE_PREFIX_HEADER = YES;
				GCC_PREFIX_HEADER = "PhotoWheel/PhotoWheel-Prefix.pch";
				GCC_PREPROCESSOR_DEFINITIONS = "CONFIGURATION_$(CONFIGURATION)";
				INFOPLIST_FILE = "PhotoWheel/PhotoWheel-Info.plist";
				PRODUCT_NAME = "$(TARGET_NAME)";
				WRAPPER_EXTENSION = app;
			};
			name = Beta;
		};
		68FA6AEA13EEF3BB00E046BD /* Debug */ = {
			isa = XCBuildConfiguration;
			buildSettings = {
				ALWAYS_SEARCH_USER_PATHS = NO;
				ARCHS = "$(ARCHS_STANDARD_32_BIT)";
				CLANG_ENABLE_OBJC_ARC = YES;
				"CODE_SIGN_IDENTITY[sdk=iphoneos*]" = "iPhone Developer";
				COPY_PHASE_STRIP = NO;
				GCC_C_LANGUAGE_STANDARD = gnu99;
				GCC_DYNAMIC_NO_PIC = NO;
				GCC_OPTIMIZATION_LEVEL = 0;
				GCC_PREPROCESSOR_DEFINITIONS = (
					"DEBUG=1",
					"$(inherited)",
				);
				GCC_SYMBOLS_PRIVATE_EXTERN = NO;
				GCC_VERSION = com.apple.compilers.llvm.clang.1_0;
				GCC_WARN_ABOUT_MISSING_PROTOTYPES = YES;
				GCC_WARN_ABOUT_RETURN_TYPE = YES;
				GCC_WARN_UNUSED_VARIABLE = YES;
				IPHONEOS_DEPLOYMENT_TARGET = 5.0;
				SDKROOT = iphoneos;
				TARGETED_DEVICE_FAMILY = 2;
			};
			name = Debug;
		};
		68FA6AEB13EEF3BB00E046BD /* Release */ = {
			isa = XCBuildConfiguration;
			buildSettings = {
				ALWAYS_SEARCH_USER_PATHS = NO;
				ARCHS = "$(ARCHS_STANDARD_32_BIT)";
				CLANG_ENABLE_OBJC_ARC = YES;
				"CODE_SIGN_IDENTITY[sdk=iphoneos*]" = "iPhone Developer";
				COPY_PHASE_STRIP = YES;
				GCC_C_LANGUAGE_STANDARD = gnu99;
				GCC_VERSION = com.apple.compilers.llvm.clang.1_0;
				GCC_WARN_ABOUT_MISSING_PROTOTYPES = YES;
				GCC_WARN_ABOUT_RETURN_TYPE = YES;
				GCC_WARN_UNUSED_VARIABLE = YES;
				IPHONEOS_DEPLOYMENT_TARGET = 5.0;
				OTHER_CFLAGS = "-DNS_BLOCK_ASSERTIONS=1";
				SDKROOT = iphoneos;
				TARGETED_DEVICE_FAMILY = 2;
				VALIDATE_PRODUCT = YES;
			};
			name = Release;
		};
		68FA6AED13EEF3BB00E046BD /* Debug */ = {
			isa = XCBuildConfiguration;
			buildSettings = {
				BUNDLE_DISPLAY_NAME = "PhotoWheel Debug";
				BUNDLE_IDENTIFIER = com.whitepeaksoftware.PhotoWheel.debug;
				CODE_SIGN_ENTITLEMENTS = PhotoWheel/PhotoWheel.entitlements;
				FRAMEWORK_SEARCH_PATHS = (
					"$(inherited)",
					"\"$(SRCROOT)/PhotoWheel/AdditionalLibraries/HockeySDK/Vendor\"",
				);
				GCC_PRECOMPILE_PREFIX_HEADER = YES;
				GCC_PREFIX_HEADER = "PhotoWheel/PhotoWheel-Prefix.pch";
				GCC_PREPROCESSOR_DEFINITIONS = (
					"DEBUG=1",
					"CONFIGURATION_$(CONFIGURATION)",
				);
				INFOPLIST_FILE = "PhotoWheel/PhotoWheel-Info.plist";
				PRODUCT_NAME = "$(TARGET_NAME)";
				WRAPPER_EXTENSION = app;
			};
			name = Debug;
		};
		68FA6AEE13EEF3BB00E046BD /* Release */ = {
			isa = XCBuildConfiguration;
			buildSettings = {
				BUNDLE_DISPLAY_NAME = PhotoWheel;
				BUNDLE_IDENTIFIER = com.whitepeaksoftware.PhotoWheel;
				CODE_SIGN_ENTITLEMENTS = PhotoWheel/PhotoWheel.entitlements;
				FRAMEWORK_SEARCH_PATHS = (
					"$(inherited)",
					"\"$(SRCROOT)/PhotoWheel/AdditionalLibraries/HockeySDK/Vendor\"",
				);
				GCC_PRECOMPILE_PREFIX_HEADER = YES;
				GCC_PREFIX_HEADER = "PhotoWheel/PhotoWheel-Prefix.pch";
				GCC_PREPROCESSOR_DEFINITIONS = "CONFIGURATION_$(CONFIGURATION)";
				INFOPLIST_FILE = "PhotoWheel/PhotoWheel-Info.plist";
				PRODUCT_NAME = "$(TARGET_NAME)";
				WRAPPER_EXTENSION = app;
			};
			name = Release;
		};
/* End XCBuildConfiguration section */

/* Begin XCConfigurationList section */
		68FA6ACB13EEF3BA00E046BD /* Build configuration list for PBXProject "PhotoWheel" */ = {
			isa = XCConfigurationList;
			buildConfigurations = (
				68FA6AEA13EEF3BB00E046BD /* Debug */,
				68FA6AEB13EEF3BB00E046BD /* Release */,
				684F03D0152BA1F7000CB64A /* Beta */,
				684F03CE152BA1D5000CB64A /* AppStore */,
			);
			defaultConfigurationIsVisible = 0;
			defaultConfigurationName = Release;
		};
		68FA6AEC13EEF3BB00E046BD /* Build configuration list for PBXNativeTarget "PhotoWheel" */ = {
			isa = XCConfigurationList;
			buildConfigurations = (
				68FA6AED13EEF3BB00E046BD /* Debug */,
				68FA6AEE13EEF3BB00E046BD /* Release */,
				684F03D1152BA1F7000CB64A /* Beta */,
				684F03CF152BA1D5000CB64A /* AppStore */,
			);
			defaultConfigurationIsVisible = 0;
			defaultConfigurationName = Release;
		};
/* End XCConfigurationList section */

/* Begin XCVersionGroup section */
		68FA6AE713EEF3BB00E046BD /* PhotoWheel.xcdatamodeld */ = {
			isa = XCVersionGroup;
			children = (
				68FA6AE813EEF3BB00E046BD /* PhotoWheel.xcdatamodel */,
			);
			currentVersion = 68FA6AE813EEF3BB00E046BD /* PhotoWheel.xcdatamodel */;
			path = PhotoWheel.xcdatamodeld;
			sourceTree = "<group>";
			versionGroupType = wrapper.xcdatamodel;
		};
/* End XCVersionGroup section */
	};
	rootObject = 68FA6AC813EEF3BA00E046BD /* Project object */;
}
