// !$*UTF8*$!
{
	archiveVersion = 1;
	classes = {
	};
	objectVersion = 46;
	objects = {

/* Begin PBXBuildFile section */
		6839EFB713B52E0300BB83E9 /* WheelView.m in Sources */ = {isa = PBXBuildFile; fileRef = 6839EFB613B52E0300BB83E9 /* WheelView.m */; };
		6839EFBB13B5F7AB00BB83E9 /* PhotoWheelViewNub.m in Sources */ = {isa = PBXBuildFile; fileRef = 6839EFBA13B5F7AB00BB83E9 /* PhotoWheelViewNub.m */; };
		6839EFBD13B5F92100BB83E9 /* defaultPhoto.png in Resources */ = {isa = PBXBuildFile; fileRef = 6839EFBC13B5F92100BB83E9 /* defaultPhoto.png */; };
		68A55D3E13AA555B0007FF8F /* NameEditorViewController.m in Sources */ = {isa = PBXBuildFile; fileRef = 68A55D3C13AA555B0007FF8F /* NameEditorViewController.m */; };
		68A55D3F13AA555B0007FF8F /* NameEditorViewController.xib in Resources */ = {isa = PBXBuildFile; fileRef = 68A55D3D13AA555B0007FF8F /* NameEditorViewController.xib */; };
		68DA2C4413A99DD800BC0B80 /* UIKit.framework in Frameworks */ = {isa = PBXBuildFile; fileRef = 68DA2C4313A99DD800BC0B80 /* UIKit.framework */; };
		68DA2C4613A99DD800BC0B80 /* Foundation.framework in Frameworks */ = {isa = PBXBuildFile; fileRef = 68DA2C4513A99DD800BC0B80 /* Foundation.framework */; };
		68DA2C4813A99DD800BC0B80 /* CoreGraphics.framework in Frameworks */ = {isa = PBXBuildFile; fileRef = 68DA2C4713A99DD800BC0B80 /* CoreGraphics.framework */; };
		68DA2C4E13A99DD800BC0B80 /* InfoPlist.strings in Resources */ = {isa = PBXBuildFile; fileRef = 68DA2C4C13A99DD800BC0B80 /* InfoPlist.strings */; };
		68DA2C5013A99DD800BC0B80 /* main.m in Sources */ = {isa = PBXBuildFile; fileRef = 68DA2C4F13A99DD800BC0B80 /* main.m */; };
		68DA2C5413A99DD900BC0B80 /* PhotoWheelPrototypeAppDelegate.m in Sources */ = {isa = PBXBuildFile; fileRef = 68DA2C5313A99DD900BC0B80 /* PhotoWheelPrototypeAppDelegate.m */; };
		68DA2C5713A99DD900BC0B80 /* RootViewController.m in Sources */ = {isa = PBXBuildFile; fileRef = 68DA2C5613A99DD900BC0B80 /* RootViewController.m */; };
		68DA2C5913A99DD900BC0B80 /* DetailViewController.h in Resources */ = {isa = PBXBuildFile; fileRef = 68DA2C5813A99DD900BC0B80 /* DetailViewController.h */; };
		68DA2C5B13A99DD900BC0B80 /* DetailViewController.m in Sources */ = {isa = PBXBuildFile; fileRef = 68DA2C5A13A99DD900BC0B80 /* DetailViewController.m */; };
		68DA2C5E13A99DD900BC0B80 /* RootViewController.xib in Resources */ = {isa = PBXBuildFile; fileRef = 68DA2C5C13A99DD900BC0B80 /* RootViewController.xib */; };
		68DA2C6113A99DD900BC0B80 /* DetailViewController.xib in Resources */ = {isa = PBXBuildFile; fileRef = 68DA2C5F13A99DD900BC0B80 /* DetailViewController.xib */; };
/* End PBXBuildFile section */

/* Begin PBXFileReference section */
		6839EFB513B52E0300BB83E9 /* WheelView.h */ = {isa = PBXFileReference; fileEncoding = 4; lastKnownFileType = sourcecode.c.h; path = WheelView.h; sourceTree = "<group>"; };
		6839EFB613B52E0300BB83E9 /* WheelView.m */ = {isa = PBXFileReference; fileEncoding = 4; lastKnownFileType = sourcecode.c.objc; path = WheelView.m; sourceTree = "<group>"; };
		6839EFB913B5F7AB00BB83E9 /* PhotoWheelViewNub.h */ = {isa = PBXFileReference; fileEncoding = 4; lastKnownFileType = sourcecode.c.h; path = PhotoWheelViewNub.h; sourceTree = "<group>"; };
		6839EFBA13B5F7AB00BB83E9 /* PhotoWheelViewNub.m */ = {isa = PBXFileReference; fileEncoding = 4; lastKnownFileType = sourcecode.c.objc; path = PhotoWheelViewNub.m; sourceTree = "<group>"; };
		6839EFBC13B5F92100BB83E9 /* defaultPhoto.png */ = {isa = PBXFileReference; lastKnownFileType = image.png; path = defaultPhoto.png; sourceTree = "<group>"; };
		68A55D3B13AA555B0007FF8F /* NameEditorViewController.h */ = {isa = PBXFileReference; fileEncoding = 4; lastKnownFileType = sourcecode.c.h; path = NameEditorViewController.h; sourceTree = "<group>"; };
		68A55D3C13AA555B0007FF8F /* NameEditorViewController.m */ = {isa = PBXFileReference; fileEncoding = 4; lastKnownFileType = sourcecode.c.objc; path = NameEditorViewController.m; sourceTree = "<group>"; };
		68A55D3D13AA555B0007FF8F /* NameEditorViewController.xib */ = {isa = PBXFileReference; fileEncoding = 4; lastKnownFileType = file.xib; path = NameEditorViewController.xib; sourceTree = "<group>"; };
		68DA2C3F13A99DD800BC0B80 /* PhotoWheelPrototype.app */ = {isa = PBXFileReference; explicitFileType = wrapper.application; includeInIndex = 0; path = PhotoWheelPrototype.app; sourceTree = BUILT_PRODUCTS_DIR; };
		68DA2C4313A99DD800BC0B80 /* UIKit.framework */ = {isa = PBXFileReference; lastKnownFileType = wrapper.framework; name = UIKit.framework; path = System/Library/Frameworks/UIKit.framework; sourceTree = SDKROOT; };
		68DA2C4513A99DD800BC0B80 /* Foundation.framework */ = {isa = PBXFileReference; lastKnownFileType = wrapper.framework; name = Foundation.framework; path = System/Library/Frameworks/Foundation.framework; sourceTree = SDKROOT; };
		68DA2C4713A99DD800BC0B80 /* CoreGraphics.framework */ = {isa = PBXFileReference; lastKnownFileType = wrapper.framework; name = CoreGraphics.framework; path = System/Library/Frameworks/CoreGraphics.framework; sourceTree = SDKROOT; };
		68DA2C4B13A99DD800BC0B80 /* PhotoWheelPrototype-Info.plist */ = {isa = PBXFileReference; lastKnownFileType = text.plist.xml; path = "PhotoWheelPrototype-Info.plist"; sourceTree = "<group>"; };
		68DA2C4D13A99DD800BC0B80 /* en */ = {isa = PBXFileReference; lastKnownFileType = text.plist.strings; name = en; path = en.lproj/InfoPlist.strings; sourceTree = "<group>"; };
		68DA2C4F13A99DD800BC0B80 /* main.m */ = {isa = PBXFileReference; lastKnownFileType = sourcecode.c.objc; path = main.m; sourceTree = "<group>"; };
		68DA2C5113A99DD900BC0B80 /* PhotoWheelPrototype-Prefix.pch */ = {isa = PBXFileReference; lastKnownFileType = sourcecode.c.h; path = "PhotoWheelPrototype-Prefix.pch"; sourceTree = "<group>"; };
		68DA2C5213A99DD900BC0B80 /* PhotoWheelPrototypeAppDelegate.h */ = {isa = PBXFileReference; lastKnownFileType = sourcecode.c.h; path = PhotoWheelPrototypeAppDelegate.h; sourceTree = "<group>"; };
		68DA2C5313A99DD900BC0B80 /* PhotoWheelPrototypeAppDelegate.m */ = {isa = PBXFileReference; lastKnownFileType = sourcecode.c.objc; path = PhotoWheelPrototypeAppDelegate.m; sourceTree = "<group>"; };
		68DA2C5513A99DD900BC0B80 /* RootViewController.h */ = {isa = PBXFileReference; lastKnownFileType = sourcecode.c.h; path = RootViewController.h; sourceTree = "<group>"; };
		68DA2C5613A99DD900BC0B80 /* RootViewController.m */ = {isa = PBXFileReference; lastKnownFileType = sourcecode.c.objc; path = RootViewController.m; sourceTree = "<group>"; };
		68DA2C5813A99DD900BC0B80 /* DetailViewController.h */ = {isa = PBXFileReference; lastKnownFileType = sourcecode.c.h; path = DetailViewController.h; sourceTree = "<group>"; };
		68DA2C5A13A99DD900BC0B80 /* DetailViewController.m */ = {isa = PBXFileReference; lastKnownFileType = sourcecode.c.objc; path = DetailViewController.m; sourceTree = "<group>"; };
		68DA2C5D13A99DD900BC0B80 /* en */ = {isa = PBXFileReference; lastKnownFileType = file.xib; name = en; path = en.lproj/RootViewController.xib; sourceTree = "<group>"; };
		68DA2C6013A99DD900BC0B80 /* en */ = {isa = PBXFileReference; lastKnownFileType = file.xib; name = en; path = en.lproj/DetailViewController.xib; sourceTree = "<group>"; };
/* End PBXFileReference section */

/* Begin PBXFrameworksBuildPhase section */
		68DA2C3C13A99DD800BC0B80 /* Frameworks */ = {
			isa = PBXFrameworksBuildPhase;
			buildActionMask = 2147483647;
			files = (
				68DA2C4413A99DD800BC0B80 /* UIKit.framework in Frameworks */,
				68DA2C4613A99DD800BC0B80 /* Foundation.framework in Frameworks */,
				68DA2C4813A99DD800BC0B80 /* CoreGraphics.framework in Frameworks */,
			);
			runOnlyForDeploymentPostprocessing = 0;
		};
/* End PBXFrameworksBuildPhase section */

/* Begin PBXGroup section */
		68DA2C3413A99DD800BC0B80 = {
			isa = PBXGroup;
			children = (
				68DA2C4913A99DD800BC0B80 /* PhotoWheelPrototype */,
				68DA2C4213A99DD800BC0B80 /* Frameworks */,
				68DA2C4013A99DD800BC0B80 /* Products */,
			);
			sourceTree = "<group>";
		};
		68DA2C4013A99DD800BC0B80 /* Products */ = {
			isa = PBXGroup;
			children = (
				68DA2C3F13A99DD800BC0B80 /* PhotoWheelPrototype.app */,
			);
			name = Products;
			sourceTree = "<group>";
		};
		68DA2C4213A99DD800BC0B80 /* Frameworks */ = {
			isa = PBXGroup;
			children = (
				68DA2C4313A99DD800BC0B80 /* UIKit.framework */,
				68DA2C4513A99DD800BC0B80 /* Foundation.framework */,
				68DA2C4713A99DD800BC0B80 /* CoreGraphics.framework */,
			);
			name = Frameworks;
			sourceTree = "<group>";
		};
		68DA2C4913A99DD800BC0B80 /* PhotoWheelPrototype */ = {
			isa = PBXGroup;
			children = (
				68DA2C5213A99DD900BC0B80 /* PhotoWheelPrototypeAppDelegate.h */,
				68DA2C5313A99DD900BC0B80 /* PhotoWheelPrototypeAppDelegate.m */,
				68DA2C5513A99DD900BC0B80 /* RootViewController.h */,
				68DA2C5613A99DD900BC0B80 /* RootViewController.m */,
				68DA2C5813A99DD900BC0B80 /* DetailViewController.h */,
				68DA2C5A13A99DD900BC0B80 /* DetailViewController.m */,
				68DA2C5C13A99DD900BC0B80 /* RootViewController.xib */,
				68DA2C5F13A99DD900BC0B80 /* DetailViewController.xib */,
				68A55D3B13AA555B0007FF8F /* NameEditorViewController.h */,
				68A55D3C13AA555B0007FF8F /* NameEditorViewController.m */,
				68A55D3D13AA555B0007FF8F /* NameEditorViewController.xib */,
				6839EFB513B52E0300BB83E9 /* WheelView.h */,
				6839EFB613B52E0300BB83E9 /* WheelView.m */,
				6839EFB913B5F7AB00BB83E9 /* PhotoWheelViewNub.h */,
				6839EFBA13B5F7AB00BB83E9 /* PhotoWheelViewNub.m */,
				6839EFBC13B5F92100BB83E9 /* defaultPhoto.png */,
				68DA2C4A13A99DD800BC0B80 /* Supporting Files */,
			);
			path = PhotoWheelPrototype;
			sourceTree = "<group>";
		};
		68DA2C4A13A99DD800BC0B80 /* Supporting Files */ = {
			isa = PBXGroup;
			children = (
				68DA2C4B13A99DD800BC0B80 /* PhotoWheelPrototype-Info.plist */,
				68DA2C4C13A99DD800BC0B80 /* InfoPlist.strings */,
				68DA2C4F13A99DD800BC0B80 /* main.m */,
				68DA2C5113A99DD900BC0B80 /* PhotoWheelPrototype-Prefix.pch */,
			);
			name = "Supporting Files";
			sourceTree = "<group>";
		};
/* End PBXGroup section */

/* Begin PBXNativeTarget section */
		68DA2C3E13A99DD800BC0B80 /* PhotoWheelPrototype */ = {
			isa = PBXNativeTarget;
			buildConfigurationList = 68DA2C6413A99DD900BC0B80 /* Build configuration list for PBXNativeTarget "PhotoWheelPrototype" */;
			buildPhases = (
				68DA2C3B13A99DD800BC0B80 /* Sources */,
				68DA2C3C13A99DD800BC0B80 /* Frameworks */,
				68DA2C3D13A99DD800BC0B80 /* Resources */,
			);
			buildRules = (
			);
			dependencies = (
			);
			name = PhotoWheelPrototype;
			productName = PhotoWheelPrototype;
			productReference = 68DA2C3F13A99DD800BC0B80 /* PhotoWheelPrototype.app */;
			productType = "com.apple.product-type.application";
		};
/* End PBXNativeTarget section */

/* Begin PBXProject section */
		68DA2C3613A99DD800BC0B80 /* Project object */ = {
			isa = PBXProject;
			attributes = {
				ORGANIZATIONNAME = "White Peak Software Inc.";
			};
			buildConfigurationList = 68DA2C3913A99DD800BC0B80 /* Build configuration list for PBXProject "PhotoWheelPrototype" */;
			compatibilityVersion = "Xcode 3.2";
			developmentRegion = English;
			hasScannedForEncodings = 0;
			knownRegions = (
				en,
			);
			mainGroup = 68DA2C3413A99DD800BC0B80;
			productRefGroup = 68DA2C4013A99DD800BC0B80 /* Products */;
			projectDirPath = "";
			projectRoot = "";
			targets = (
				68DA2C3E13A99DD800BC0B80 /* PhotoWheelPrototype */,
			);
		};
/* End PBXProject section */

/* Begin PBXResourcesBuildPhase section */
		68DA2C3D13A99DD800BC0B80 /* Resources */ = {
			isa = PBXResourcesBuildPhase;
			buildActionMask = 2147483647;
			files = (
				68DA2C4E13A99DD800BC0B80 /* InfoPlist.strings in Resources */,
				68DA2C5913A99DD900BC0B80 /* DetailViewController.h in Resources */,
				68DA2C5E13A99DD900BC0B80 /* RootViewController.xib in Resources */,
				68DA2C6113A99DD900BC0B80 /* DetailViewController.xib in Resources */,
				68A55D3F13AA555B0007FF8F /* NameEditorViewController.xib in Resources */,
				6839EFBD13B5F92100BB83E9 /* defaultPhoto.png in Resources */,
			);
			runOnlyForDeploymentPostprocessing = 0;
		};
/* End PBXResourcesBuildPhase section */

/* Begin PBXSourcesBuildPhase section */
		68DA2C3B13A99DD800BC0B80 /* Sources */ = {
			isa = PBXSourcesBuildPhase;
			buildActionMask = 2147483647;
			files = (
				68DA2C5013A99DD800BC0B80 /* main.m in Sources */,
				68DA2C5413A99DD900BC0B80 /* PhotoWheelPrototypeAppDelegate.m in Sources */,
				68DA2C5713A99DD900BC0B80 /* RootViewController.m in Sources */,
				68DA2C5B13A99DD900BC0B80 /* DetailViewController.m in Sources */,
				68A55D3E13AA555B0007FF8F /* NameEditorViewController.m in Sources */,
				6839EFB713B52E0300BB83E9 /* WheelView.m in Sources */,
				6839EFBB13B5F7AB00BB83E9 /* PhotoWheelViewNub.m in Sources */,
			);
			runOnlyForDeploymentPostprocessing = 0;
		};
/* End PBXSourcesBuildPhase section */

/* Begin PBXVariantGroup section */
		68DA2C4C13A99DD800BC0B80 /* InfoPlist.strings */ = {
			isa = PBXVariantGroup;
			children = (
				68DA2C4D13A99DD800BC0B80 /* en */,
			);
			name = InfoPlist.strings;
			sourceTree = "<group>";
		};
		68DA2C5C13A99DD900BC0B80 /* RootViewController.xib */ = {
			isa = PBXVariantGroup;
			children = (
				68DA2C5D13A99DD900BC0B80 /* en */,
			);
			name = RootViewController.xib;
			sourceTree = "<group>";
		};
		68DA2C5F13A99DD900BC0B80 /* DetailViewController.xib */ = {
			isa = PBXVariantGroup;
			children = (
				68DA2C6013A99DD900BC0B80 /* en */,
			);
			name = DetailViewController.xib;
			sourceTree = "<group>";
		};
/* End PBXVariantGroup section */

/* Begin XCBuildConfiguration section */
		68DA2C6213A99DD900BC0B80 /* Debug */ = {
			isa = XCBuildConfiguration;
			buildSettings = {
				ALWAYS_SEARCH_USER_PATHS = NO;
				ARCHS = "$(ARCHS_STANDARD_32_BIT)";
				CLANG_ENABLE_OBJC_ARC = YES;
				"CODE_SIGN_IDENTITY[sdk=iphoneos*]" = "iPhone Developer";
				COPY_PHASE_STRIP = NO;
				GCC_C_LANGUAGE_STANDARD = gnu99;
				GCC_DYNAMIC_NO_PIC = NO;
				GCC_OPTIMIZATION_LEVEL = 0;
				GCC_PREPROCESSOR_DEFINITIONS = (
					"DEBUG=1",
					"$(inherited)",
				);
				GCC_SYMBOLS_PRIVATE_EXTERN = NO;
				GCC_VERSION = com.apple.compilers.llvm.clang.1_0;
				GCC_WARN_ABOUT_MISSING_PROTOTYPES = YES;
				GCC_WARN_ABOUT_RETURN_TYPE = YES;
				GCC_WARN_UNUSED_VARIABLE = YES;
				IPHONEOS_DEPLOYMENT_TARGET = 5.0;
				SDKROOT = iphoneos;
				TARGETED_DEVICE_FAMILY = 2;
			};
			name = Debug;
		};
		68DA2C6313A99DD900BC0B80 /* Release */ = {
			isa = XCBuildConfiguration;
			buildSettings = {
				ALWAYS_SEARCH_USER_PATHS = NO;
				ARCHS = "$(ARCHS_STANDARD_32_BIT)";
				CLANG_ENABLE_OBJC_ARC = YES;
				"CODE_SIGN_IDENTITY[sdk=iphoneos*]" = "iPhone Developer";
				COPY_PHASE_STRIP = YES;
				GCC_C_LANGUAGE_STANDARD = gnu99;
				GCC_VERSION = com.apple.compilers.llvm.clang.1_0;
				GCC_WARN_ABOUT_MISSING_PROTOTYPES = YES;
				GCC_WARN_ABOUT_RETURN_TYPE = YES;
				GCC_WARN_UNUSED_VARIABLE = YES;
				IPHONEOS_DEPLOYMENT_TARGET = 5.0;
				OTHER_CFLAGS = "-DNS_BLOCK_ASSERTIONS=1";
				SDKROOT = iphoneos;
				TARGETED_DEVICE_FAMILY = 2;
				VALIDATE_PRODUCT = YES;
			};
			name = Release;
		};
		68DA2C6513A99DD900BC0B80 /* Debug */ = {
			isa = XCBuildConfiguration;
			buildSettings = {
				GCC_PRECOMPILE_PREFIX_HEADER = YES;
				GCC_PREFIX_HEADER = "PhotoWheelPrototype/PhotoWheelPrototype-Prefix.pch";
				INFOPLIST_FILE = "PhotoWheelPrototype/PhotoWheelPrototype-Info.plist";
				PRODUCT_NAME = "$(TARGET_NAME)";
				WRAPPER_EXTENSION = app;
			};
			name = Debug;
		};
		68DA2C6613A99DD900BC0B80 /* Release */ = {
			isa = XCBuildConfiguration;
			buildSettings = {
				GCC_PRECOMPILE_PREFIX_HEADER = YES;
				GCC_PREFIX_HEADER = "PhotoWheelPrototype/PhotoWheelPrototype-Prefix.pch";
				INFOPLIST_FILE = "PhotoWheelPrototype/PhotoWheelPrototype-Info.plist";
				PRODUCT_NAME = "$(TARGET_NAME)";
				WRAPPER_EXTENSION = app;
			};
			name = Release;
		};
/* End XCBuildConfiguration section */

/* Begin XCConfigurationList section */
		68DA2C3913A99DD800BC0B80 /* Build configuration list for PBXProject "PhotoWheelPrototype" */ = {
			isa = XCConfigurationList;
			buildConfigurations = (
				68DA2C6213A99DD900BC0B80 /* Debug */,
				68DA2C6313A99DD900BC0B80 /* Release */,
			);
			defaultConfigurationIsVisible = 0;
			defaultConfigurationName = Release;
		};
		68DA2C6413A99DD900BC0B80 /* Build configuration list for PBXNativeTarget "PhotoWheelPrototype" */ = {
			isa = XCConfigurationList;
			buildConfigurations = (
				68DA2C6513A99DD900BC0B80 /* Debug */,
				68DA2C6613A99DD900BC0B80 /* Release */,
			);
			defaultConfigurationIsVisible = 0;
			defaultConfigurationName = Release;
		};
/* End XCConfigurationList section */
	};
	rootObject = 68DA2C3613A99DD800BC0B80 /* Project object */;
}
